// !$*UTF8*$!
{
	archiveVersion = 1;
	classes = {
	};
	objectVersion = 56;
	objects = {

/* Begin PBXBuildFile section */
		BE4291732A6858FC00AE86D7 /* PhotoCellController.swift in Sources */ = {isa = PBXBuildFile; fileRef = BE4291722A6858FC00AE86D7 /* PhotoCellController.swift */; };
		BE4291752A685A8200AE86D7 /* PhotoSearchComposer.swift in Sources */ = {isa = PBXBuildFile; fileRef = BE4291742A685A8200AE86D7 /* PhotoSearchComposer.swift */; };
		BE479DD82A671B820036898B /* Photo.swift in Sources */ = {isa = PBXBuildFile; fileRef = BE479DD72A671B820036898B /* Photo.swift */; };
		BE479DDA2A671BF00036898B /* PhotoCell.swift in Sources */ = {isa = PBXBuildFile; fileRef = BE479DD92A671BF00036898B /* PhotoCell.swift */; };
		BE479DDC2A671C2F0036898B /* PhotoSearchViewController.swift in Sources */ = {isa = PBXBuildFile; fileRef = BE479DDB2A671C2F0036898B /* PhotoSearchViewController.swift */; };
		BE59B60A2A692965002C7E21 /* PhotosPresenter.swift in Sources */ = {isa = PBXBuildFile; fileRef = BE59B6092A692965002C7E21 /* PhotosPresenter.swift */; };
		BE59B60E2A692DF6002C7E21 /* PhotosErrorViewModel.swift in Sources */ = {isa = PBXBuildFile; fileRef = BE59B60D2A692DF6002C7E21 /* PhotosErrorViewModel.swift */; };
		BE59B6102A692E09002C7E21 /* PhotosViewModel.swift in Sources */ = {isa = PBXBuildFile; fileRef = BE59B60F2A692E09002C7E21 /* PhotosViewModel.swift */; };
		BE59B6122A692E1D002C7E21 /* PhotosLoadingViewModel.swift in Sources */ = {isa = PBXBuildFile; fileRef = BE59B6112A692E1D002C7E21 /* PhotosLoadingViewModel.swift */; };
		BE59B61B2A6939E9002C7E21 /* WeakRefProxy.swift in Sources */ = {isa = PBXBuildFile; fileRef = BE59B61A2A6939E9002C7E21 /* WeakRefProxy.swift */; };
		BE59B61D2A693D1C002C7E21 /* PhotoSearchViewController+TestHelpers.swift in Sources */ = {isa = PBXBuildFile; fileRef = BE59B61C2A693D1C002C7E21 /* PhotoSearchViewController+TestHelpers.swift */; };
		BE59B61F2A693D82002C7E21 /* PhotoCell+TestHelpers.swift in Sources */ = {isa = PBXBuildFile; fileRef = BE59B61E2A693D82002C7E21 /* PhotoCell+TestHelpers.swift */; };
		BE59B6232A694000002C7E21 /* PhotosViewAdapter.swift in Sources */ = {isa = PBXBuildFile; fileRef = BE59B6222A694000002C7E21 /* PhotosViewAdapter.swift */; };
		BE59B6252A697219002C7E21 /* PhotoImageViewModel.swift in Sources */ = {isa = PBXBuildFile; fileRef = BE59B6242A697219002C7E21 /* PhotoImageViewModel.swift */; };
		BE59B6272A697287002C7E21 /* PhotoImageLoadingViewModel.swift in Sources */ = {isa = PBXBuildFile; fileRef = BE59B6262A697287002C7E21 /* PhotoImageLoadingViewModel.swift */; };
		BE59B6292A6972B6002C7E21 /* PhotoImagePresenter.swift in Sources */ = {isa = PBXBuildFile; fileRef = BE59B6282A6972B6002C7E21 /* PhotoImagePresenter.swift */; };
		BE59B62B2A69770B002C7E21 /* PhotoCellComposer.swift in Sources */ = {isa = PBXBuildFile; fileRef = BE59B62A2A69770B002C7E21 /* PhotoCellComposer.swift */; };
		BE5BFEEC2A67E30F002C6E72 /* CombineHelpers.swift in Sources */ = {isa = PBXBuildFile; fileRef = BE5BFEEB2A67E30F002C6E72 /* CombineHelpers.swift */; };
		BE636D862A6AC47D00B288B8 /* LoaderSpy.swift in Sources */ = {isa = PBXBuildFile; fileRef = BE636D852A6AC47D00B288B8 /* LoaderSpy.swift */; };
		BE74D8962A66C76F00073E46 /* AppDelegate.swift in Sources */ = {isa = PBXBuildFile; fileRef = BE74D8952A66C76F00073E46 /* AppDelegate.swift */; };
		BE74D8982A66C76F00073E46 /* SceneDelegate.swift in Sources */ = {isa = PBXBuildFile; fileRef = BE74D8972A66C76F00073E46 /* SceneDelegate.swift */; };
		BE74D89F2A66C77000073E46 /* Assets.xcassets in Resources */ = {isa = PBXBuildFile; fileRef = BE74D89E2A66C77000073E46 /* Assets.xcassets */; };
		BE74D8A22A66C77000073E46 /* LaunchScreen.storyboard in Resources */ = {isa = PBXBuildFile; fileRef = BE74D8A02A66C77000073E46 /* LaunchScreen.storyboard */; };
		BE74D8AD2A66C77000073E46 /* PhotoSearchUIIntegrationTests.swift in Sources */ = {isa = PBXBuildFile; fileRef = BE74D8AC2A66C77000073E46 /* PhotoSearchUIIntegrationTests.swift */; };
		BE74D8C72A66D21500073E46 /* UIRefreshControl+TestHelpers.swift in Sources */ = {isa = PBXBuildFile; fileRef = BE74D8C62A66D21500073E46 /* UIRefreshControl+TestHelpers.swift */; };
		BE74D8C92A66D24800073E46 /* UIControl+TestHelpers.swift in Sources */ = {isa = PBXBuildFile; fileRef = BE74D8C82A66D24800073E46 /* UIControl+TestHelpers.swift */; };
		BE74D8CC2A66D72000073E46 /* XCTestCase+MemoryLeakTracking.swift in Sources */ = {isa = PBXBuildFile; fileRef = BE74D8CB2A66D72000073E46 /* XCTestCase+MemoryLeakTracking.swift */; };
		BE7B999D2A6A7D7100B39C9B /* LoadResourcePublisherAdapter.swift in Sources */ = {isa = PBXBuildFile; fileRef = BE7B999C2A6A7D7100B39C9B /* LoadResourcePublisherAdapter.swift */; };
		BED8BA362A6820BC0068A202 /* UIImage+TestHelpers.swift in Sources */ = {isa = PBXBuildFile; fileRef = BED8BA352A6820BC0068A202 /* UIImage+TestHelpers.swift */; };
		BED8BA382A682C9B0068A202 /* UIView+Shimmering.swift in Sources */ = {isa = PBXBuildFile; fileRef = BED8BA372A682C9B0068A202 /* UIView+Shimmering.swift */; };
/* End PBXBuildFile section */

/* Begin PBXContainerItemProxy section */
		BE74D8A92A66C77000073E46 /* PBXContainerItemProxy */ = {
			isa = PBXContainerItemProxy;
			containerPortal = BE74D88A2A66C76F00073E46 /* Project object */;
			proxyType = 1;
			remoteGlobalIDString = BE74D8912A66C76F00073E46;
			remoteInfo = PhotoSearchApp;
		};
/* End PBXContainerItemProxy section */

/* Begin PBXFileReference section */
		BE4291722A6858FC00AE86D7 /* PhotoCellController.swift */ = {isa = PBXFileReference; lastKnownFileType = sourcecode.swift; path = PhotoCellController.swift; sourceTree = "<group>"; };
		BE4291742A685A8200AE86D7 /* PhotoSearchComposer.swift */ = {isa = PBXFileReference; lastKnownFileType = sourcecode.swift; path = PhotoSearchComposer.swift; sourceTree = "<group>"; };
		BE479DD72A671B820036898B /* Photo.swift */ = {isa = PBXFileReference; lastKnownFileType = sourcecode.swift; path = Photo.swift; sourceTree = "<group>"; };
		BE479DD92A671BF00036898B /* PhotoCell.swift */ = {isa = PBXFileReference; lastKnownFileType = sourcecode.swift; path = PhotoCell.swift; sourceTree = "<group>"; };
		BE479DDB2A671C2F0036898B /* PhotoSearchViewController.swift */ = {isa = PBXFileReference; lastKnownFileType = sourcecode.swift; path = PhotoSearchViewController.swift; sourceTree = "<group>"; };
		BE59B6092A692965002C7E21 /* PhotosPresenter.swift */ = {isa = PBXFileReference; lastKnownFileType = sourcecode.swift; path = PhotosPresenter.swift; sourceTree = "<group>"; };
		BE59B60D2A692DF6002C7E21 /* PhotosErrorViewModel.swift */ = {isa = PBXFileReference; lastKnownFileType = sourcecode.swift; path = PhotosErrorViewModel.swift; sourceTree = "<group>"; };
		BE59B60F2A692E09002C7E21 /* PhotosViewModel.swift */ = {isa = PBXFileReference; lastKnownFileType = sourcecode.swift; path = PhotosViewModel.swift; sourceTree = "<group>"; };
		BE59B6112A692E1D002C7E21 /* PhotosLoadingViewModel.swift */ = {isa = PBXFileReference; lastKnownFileType = sourcecode.swift; path = PhotosLoadingViewModel.swift; sourceTree = "<group>"; };
		BE59B61A2A6939E9002C7E21 /* WeakRefProxy.swift */ = {isa = PBXFileReference; lastKnownFileType = sourcecode.swift; path = WeakRefProxy.swift; sourceTree = "<group>"; };
		BE59B61C2A693D1C002C7E21 /* PhotoSearchViewController+TestHelpers.swift */ = {isa = PBXFileReference; lastKnownFileType = sourcecode.swift; path = "PhotoSearchViewController+TestHelpers.swift"; sourceTree = "<group>"; };
		BE59B61E2A693D82002C7E21 /* PhotoCell+TestHelpers.swift */ = {isa = PBXFileReference; lastKnownFileType = sourcecode.swift; path = "PhotoCell+TestHelpers.swift"; sourceTree = "<group>"; };
		BE59B6222A694000002C7E21 /* PhotosViewAdapter.swift */ = {isa = PBXFileReference; lastKnownFileType = sourcecode.swift; path = PhotosViewAdapter.swift; sourceTree = "<group>"; };
		BE59B6242A697219002C7E21 /* PhotoImageViewModel.swift */ = {isa = PBXFileReference; lastKnownFileType = sourcecode.swift; path = PhotoImageViewModel.swift; sourceTree = "<group>"; };
		BE59B6262A697287002C7E21 /* PhotoImageLoadingViewModel.swift */ = {isa = PBXFileReference; lastKnownFileType = sourcecode.swift; path = PhotoImageLoadingViewModel.swift; sourceTree = "<group>"; };
		BE59B6282A6972B6002C7E21 /* PhotoImagePresenter.swift */ = {isa = PBXFileReference; lastKnownFileType = sourcecode.swift; path = PhotoImagePresenter.swift; sourceTree = "<group>"; };
		BE59B62A2A69770B002C7E21 /* PhotoCellComposer.swift */ = {isa = PBXFileReference; lastKnownFileType = sourcecode.swift; path = PhotoCellComposer.swift; sourceTree = "<group>"; };
		BE5BFEEB2A67E30F002C6E72 /* CombineHelpers.swift */ = {isa = PBXFileReference; lastKnownFileType = sourcecode.swift; path = CombineHelpers.swift; sourceTree = "<group>"; };
		BE636D852A6AC47D00B288B8 /* LoaderSpy.swift */ = {isa = PBXFileReference; lastKnownFileType = sourcecode.swift; path = LoaderSpy.swift; sourceTree = "<group>"; };
		BE74D8922A66C76F00073E46 /* PhotoSearchApp.app */ = {isa = PBXFileReference; explicitFileType = wrapper.application; includeInIndex = 0; path = PhotoSearchApp.app; sourceTree = BUILT_PRODUCTS_DIR; };
		BE74D8952A66C76F00073E46 /* AppDelegate.swift */ = {isa = PBXFileReference; lastKnownFileType = sourcecode.swift; path = AppDelegate.swift; sourceTree = "<group>"; };
		BE74D8972A66C76F00073E46 /* SceneDelegate.swift */ = {isa = PBXFileReference; lastKnownFileType = sourcecode.swift; path = SceneDelegate.swift; sourceTree = "<group>"; };
		BE74D89E2A66C77000073E46 /* Assets.xcassets */ = {isa = PBXFileReference; lastKnownFileType = folder.assetcatalog; path = Assets.xcassets; sourceTree = "<group>"; };
		BE74D8A12A66C77000073E46 /* Base */ = {isa = PBXFileReference; lastKnownFileType = file.storyboard; name = Base; path = Base.lproj/LaunchScreen.storyboard; sourceTree = "<group>"; };
		BE74D8A32A66C77000073E46 /* Info.plist */ = {isa = PBXFileReference; lastKnownFileType = text.plist.xml; path = Info.plist; sourceTree = "<group>"; };
		BE74D8A82A66C77000073E46 /* PhotoSearchAppTests.xctest */ = {isa = PBXFileReference; explicitFileType = wrapper.cfbundle; includeInIndex = 0; path = PhotoSearchAppTests.xctest; sourceTree = BUILT_PRODUCTS_DIR; };
		BE74D8AC2A66C77000073E46 /* PhotoSearchUIIntegrationTests.swift */ = {isa = PBXFileReference; lastKnownFileType = sourcecode.swift; path = PhotoSearchUIIntegrationTests.swift; sourceTree = "<group>"; };
		BE74D8C52A66C87600073E46 /* PhotoSearchApp.xctestplan */ = {isa = PBXFileReference; lastKnownFileType = text; path = PhotoSearchApp.xctestplan; sourceTree = "<group>"; };
		BE74D8C62A66D21500073E46 /* UIRefreshControl+TestHelpers.swift */ = {isa = PBXFileReference; lastKnownFileType = sourcecode.swift; path = "UIRefreshControl+TestHelpers.swift"; sourceTree = "<group>"; };
		BE74D8C82A66D24800073E46 /* UIControl+TestHelpers.swift */ = {isa = PBXFileReference; lastKnownFileType = sourcecode.swift; path = "UIControl+TestHelpers.swift"; sourceTree = "<group>"; };
		BE74D8CB2A66D72000073E46 /* XCTestCase+MemoryLeakTracking.swift */ = {isa = PBXFileReference; lastKnownFileType = sourcecode.swift; path = "XCTestCase+MemoryLeakTracking.swift"; sourceTree = "<group>"; };
		BE7B999C2A6A7D7100B39C9B /* LoadResourcePublisherAdapter.swift */ = {isa = PBXFileReference; lastKnownFileType = sourcecode.swift; path = LoadResourcePublisherAdapter.swift; sourceTree = "<group>"; };
		BED8BA352A6820BC0068A202 /* UIImage+TestHelpers.swift */ = {isa = PBXFileReference; lastKnownFileType = sourcecode.swift; path = "UIImage+TestHelpers.swift"; sourceTree = "<group>"; };
		BED8BA372A682C9B0068A202 /* UIView+Shimmering.swift */ = {isa = PBXFileReference; lastKnownFileType = sourcecode.swift; path = "UIView+Shimmering.swift"; sourceTree = "<group>"; };
/* End PBXFileReference section */

/* Begin PBXFrameworksBuildPhase section */
		BE74D88F2A66C76F00073E46 /* Frameworks */ = {
			isa = PBXFrameworksBuildPhase;
			buildActionMask = 2147483647;
			files = (
			);
			runOnlyForDeploymentPostprocessing = 0;
		};
		BE74D8A52A66C77000073E46 /* Frameworks */ = {
			isa = PBXFrameworksBuildPhase;
			buildActionMask = 2147483647;
			files = (
			);
			runOnlyForDeploymentPostprocessing = 0;
		};
/* End PBXFrameworksBuildPhase section */

/* Begin PBXGroup section */
		BE59B60B2A692A51002C7E21 /* Presentation */ = {
			isa = PBXGroup;
			children = (
				BE59B60C2A692ADB002C7E21 /* ViewModels */,
				BE59B6092A692965002C7E21 /* PhotosPresenter.swift */,
				BE59B6282A6972B6002C7E21 /* PhotoImagePresenter.swift */,
			);
			path = Presentation;
			sourceTree = "<group>";
		};
		BE59B60C2A692ADB002C7E21 /* ViewModels */ = {
			isa = PBXGroup;
			children = (
				BE59B60D2A692DF6002C7E21 /* PhotosErrorViewModel.swift */,
				BE59B60F2A692E09002C7E21 /* PhotosViewModel.swift */,
				BE59B6112A692E1D002C7E21 /* PhotosLoadingViewModel.swift */,
				BE59B6242A697219002C7E21 /* PhotoImageViewModel.swift */,
				BE59B6262A697287002C7E21 /* PhotoImageLoadingViewModel.swift */,
			);
			path = ViewModels;
			sourceTree = "<group>";
		};
		BE59B6132A6937AC002C7E21 /* Features */ = {
			isa = PBXGroup;
			children = (
				BE479DD72A671B820036898B /* Photo.swift */,
			);
			path = Features;
			sourceTree = "<group>";
		};
		BE59B6142A6937BA002C7E21 /* UI */ = {
			isa = PBXGroup;
			children = (
				BE59B6172A693815002C7E21 /* Controllers */,
				BE59B6162A693809002C7E21 /* Views */,
			);
			path = UI;
			sourceTree = "<group>";
		};
		BE59B6152A6937F9002C7E21 /* Helpers */ = {
			isa = PBXGroup;
			children = (
				BED8BA372A682C9B0068A202 /* UIView+Shimmering.swift */,
			);
			path = Helpers;
			sourceTree = "<group>";
		};
		BE59B6162A693809002C7E21 /* Views */ = {
			isa = PBXGroup;
			children = (
				BE59B6152A6937F9002C7E21 /* Helpers */,
				BE479DD92A671BF00036898B /* PhotoCell.swift */,
			);
			path = Views;
			sourceTree = "<group>";
		};
		BE59B6172A693815002C7E21 /* Controllers */ = {
			isa = PBXGroup;
			children = (
				BE479DDB2A671C2F0036898B /* PhotoSearchViewController.swift */,
				BE4291722A6858FC00AE86D7 /* PhotoCellController.swift */,
			);
			path = Controllers;
			sourceTree = "<group>";
		};
		BE59B6182A693838002C7E21 /* Composition */ = {
			isa = PBXGroup;
			children = (
				BE59B6192A69384E002C7E21 /* Helpers */,
				BE4291742A685A8200AE86D7 /* PhotoSearchComposer.swift */,
				BE59B6222A694000002C7E21 /* PhotosViewAdapter.swift */,
				BE59B62A2A69770B002C7E21 /* PhotoCellComposer.swift */,
				BE7B999C2A6A7D7100B39C9B /* LoadResourcePublisherAdapter.swift */,
			);
			path = Composition;
			sourceTree = "<group>";
		};
		BE59B6192A69384E002C7E21 /* Helpers */ = {
			isa = PBXGroup;
			children = (
				BE5BFEEB2A67E30F002C6E72 /* CombineHelpers.swift */,
				BE59B61A2A6939E9002C7E21 /* WeakRefProxy.swift */,
			);
			path = Helpers;
			sourceTree = "<group>";
		};
		BE74D8892A66C76F00073E46 = {
			isa = PBXGroup;
			children = (
				BE74D8C52A66C87600073E46 /* PhotoSearchApp.xctestplan */,
				BE74D8942A66C76F00073E46 /* PhotoSearchApp */,
				BE74D8AB2A66C77000073E46 /* PhotoSearchAppTests */,
				BE74D8932A66C76F00073E46 /* Products */,
			);
			sourceTree = "<group>";
		};
		BE74D8932A66C76F00073E46 /* Products */ = {
			isa = PBXGroup;
			children = (
				BE74D8922A66C76F00073E46 /* PhotoSearchApp.app */,
				BE74D8A82A66C77000073E46 /* PhotoSearchAppTests.xctest */,
			);
			name = Products;
			sourceTree = "<group>";
		};
		BE74D8942A66C76F00073E46 /* PhotoSearchApp */ = {
			isa = PBXGroup;
			children = (
				BE59B6132A6937AC002C7E21 /* Features */,
				BE59B60B2A692A51002C7E21 /* Presentation */,
				BE59B6142A6937BA002C7E21 /* UI */,
				BE59B6182A693838002C7E21 /* Composition */,
				BE74D8952A66C76F00073E46 /* AppDelegate.swift */,
				BE74D8972A66C76F00073E46 /* SceneDelegate.swift */,
				BE74D89E2A66C77000073E46 /* Assets.xcassets */,
				BE74D8A02A66C77000073E46 /* LaunchScreen.storyboard */,
				BE74D8A32A66C77000073E46 /* Info.plist */,
			);
			path = PhotoSearchApp;
			sourceTree = "<group>";
		};
		BE74D8AB2A66C77000073E46 /* PhotoSearchAppTests */ = {
			isa = PBXGroup;
			children = (
				BE74D8CA2A66D2C800073E46 /* Helpers */,
				BE74D8AC2A66C77000073E46 /* PhotoSearchUIIntegrationTests.swift */,
			);
			path = PhotoSearchAppTests;
			sourceTree = "<group>";
		};
		BE74D8CA2A66D2C800073E46 /* Helpers */ = {
			isa = PBXGroup;
			children = (
				BE74D8C82A66D24800073E46 /* UIControl+TestHelpers.swift */,
				BE74D8C62A66D21500073E46 /* UIRefreshControl+TestHelpers.swift */,
				BE74D8CB2A66D72000073E46 /* XCTestCase+MemoryLeakTracking.swift */,
				BED8BA352A6820BC0068A202 /* UIImage+TestHelpers.swift */,
				BE59B61C2A693D1C002C7E21 /* PhotoSearchViewController+TestHelpers.swift */,
				BE59B61E2A693D82002C7E21 /* PhotoCell+TestHelpers.swift */,
				BE636D852A6AC47D00B288B8 /* LoaderSpy.swift */,
			);
			path = Helpers;
			sourceTree = "<group>";
		};
/* End PBXGroup section */

/* Begin PBXNativeTarget section */
		BE74D8912A66C76F00073E46 /* PhotoSearchApp */ = {
			isa = PBXNativeTarget;
			buildConfigurationList = BE74D8BC2A66C77000073E46 /* Build configuration list for PBXNativeTarget "PhotoSearchApp" */;
			buildPhases = (
				BE74D88E2A66C76F00073E46 /* Sources */,
				BE74D88F2A66C76F00073E46 /* Frameworks */,
				BE74D8902A66C76F00073E46 /* Resources */,
			);
			buildRules = (
			);
			dependencies = (
			);
			name = PhotoSearchApp;
			productName = PhotoSearchApp;
			productReference = BE74D8922A66C76F00073E46 /* PhotoSearchApp.app */;
			productType = "com.apple.product-type.application";
		};
		BE74D8A72A66C77000073E46 /* PhotoSearchAppTests */ = {
			isa = PBXNativeTarget;
			buildConfigurationList = BE74D8BF2A66C77000073E46 /* Build configuration list for PBXNativeTarget "PhotoSearchAppTests" */;
			buildPhases = (
				BE74D8A42A66C77000073E46 /* Sources */,
				BE74D8A52A66C77000073E46 /* Frameworks */,
				BE74D8A62A66C77000073E46 /* Resources */,
			);
			buildRules = (
			);
			dependencies = (
				BE74D8AA2A66C77000073E46 /* PBXTargetDependency */,
			);
			name = PhotoSearchAppTests;
			productName = PhotoSearchAppTests;
			productReference = BE74D8A82A66C77000073E46 /* PhotoSearchAppTests.xctest */;
			productType = "com.apple.product-type.bundle.unit-test";
		};
/* End PBXNativeTarget section */

/* Begin PBXProject section */
		BE74D88A2A66C76F00073E46 /* Project object */ = {
			isa = PBXProject;
			attributes = {
				BuildIndependentTargetsInParallel = 1;
				LastSwiftUpdateCheck = 1430;
				LastUpgradeCheck = 1430;
				TargetAttributes = {
					BE74D8912A66C76F00073E46 = {
						CreatedOnToolsVersion = 14.3.1;
					};
					BE74D8A72A66C77000073E46 = {
						CreatedOnToolsVersion = 14.3.1;
						TestTargetID = BE74D8912A66C76F00073E46;
					};
				};
			};
			buildConfigurationList = BE74D88D2A66C76F00073E46 /* Build configuration list for PBXProject "PhotoSearchApp" */;
			compatibilityVersion = "Xcode 14.0";
			developmentRegion = en;
			hasScannedForEncodings = 0;
			knownRegions = (
				en,
				Base,
			);
			mainGroup = BE74D8892A66C76F00073E46;
			productRefGroup = BE74D8932A66C76F00073E46 /* Products */;
			projectDirPath = "";
			projectRoot = "";
			targets = (
				BE74D8912A66C76F00073E46 /* PhotoSearchApp */,
				BE74D8A72A66C77000073E46 /* PhotoSearchAppTests */,
			);
		};
/* End PBXProject section */

/* Begin PBXResourcesBuildPhase section */
		BE74D8902A66C76F00073E46 /* Resources */ = {
			isa = PBXResourcesBuildPhase;
			buildActionMask = 2147483647;
			files = (
				BE74D8A22A66C77000073E46 /* LaunchScreen.storyboard in Resources */,
				BE74D89F2A66C77000073E46 /* Assets.xcassets in Resources */,
			);
			runOnlyForDeploymentPostprocessing = 0;
		};
		BE74D8A62A66C77000073E46 /* Resources */ = {
			isa = PBXResourcesBuildPhase;
			buildActionMask = 2147483647;
			files = (
			);
			runOnlyForDeploymentPostprocessing = 0;
		};
/* End PBXResourcesBuildPhase section */

/* Begin PBXSourcesBuildPhase section */
		BE74D88E2A66C76F00073E46 /* Sources */ = {
			isa = PBXSourcesBuildPhase;
			buildActionMask = 2147483647;
			files = (
				BE7B999D2A6A7D7100B39C9B /* LoadResourcePublisherAdapter.swift in Sources */,
				BE4291752A685A8200AE86D7 /* PhotoSearchComposer.swift in Sources */,
				BE59B60E2A692DF6002C7E21 /* PhotosErrorViewModel.swift in Sources */,
				BE59B6122A692E1D002C7E21 /* PhotosLoadingViewModel.swift in Sources */,
				BE479DDC2A671C2F0036898B /* PhotoSearchViewController.swift in Sources */,
				BE479DDA2A671BF00036898B /* PhotoCell.swift in Sources */,
				BE59B6252A697219002C7E21 /* PhotoImageViewModel.swift in Sources */,
				BE59B60A2A692965002C7E21 /* PhotosPresenter.swift in Sources */,
				BE59B6292A6972B6002C7E21 /* PhotoImagePresenter.swift in Sources */,
				BE4291732A6858FC00AE86D7 /* PhotoCellController.swift in Sources */,
				BE74D8962A66C76F00073E46 /* AppDelegate.swift in Sources */,
				BED8BA382A682C9B0068A202 /* UIView+Shimmering.swift in Sources */,
				BE479DD82A671B820036898B /* Photo.swift in Sources */,
				BE59B6272A697287002C7E21 /* PhotoImageLoadingViewModel.swift in Sources */,
				BE59B6232A694000002C7E21 /* PhotosViewAdapter.swift in Sources */,
				BE59B6102A692E09002C7E21 /* PhotosViewModel.swift in Sources */,
				BE59B62B2A69770B002C7E21 /* PhotoCellComposer.swift in Sources */,
				BE74D8982A66C76F00073E46 /* SceneDelegate.swift in Sources */,
				BE59B61B2A6939E9002C7E21 /* WeakRefProxy.swift in Sources */,
				BE5BFEEC2A67E30F002C6E72 /* CombineHelpers.swift in Sources */,
			);
			runOnlyForDeploymentPostprocessing = 0;
		};
		BE74D8A42A66C77000073E46 /* Sources */ = {
			isa = PBXSourcesBuildPhase;
			buildActionMask = 2147483647;
			files = (
				BE59B61F2A693D82002C7E21 /* PhotoCell+TestHelpers.swift in Sources */,
				BE74D8C92A66D24800073E46 /* UIControl+TestHelpers.swift in Sources */,
				BE74D8CC2A66D72000073E46 /* XCTestCase+MemoryLeakTracking.swift in Sources */,
				BE74D8AD2A66C77000073E46 /* PhotoSearchUIIntegrationTests.swift in Sources */,
				BED8BA362A6820BC0068A202 /* UIImage+TestHelpers.swift in Sources */,
				BE636D862A6AC47D00B288B8 /* LoaderSpy.swift in Sources */,
				BE74D8C72A66D21500073E46 /* UIRefreshControl+TestHelpers.swift in Sources */,
				BE59B61D2A693D1C002C7E21 /* PhotoSearchViewController+TestHelpers.swift in Sources */,
			);
			runOnlyForDeploymentPostprocessing = 0;
		};
/* End PBXSourcesBuildPhase section */

/* Begin PBXTargetDependency section */
		BE74D8AA2A66C77000073E46 /* PBXTargetDependency */ = {
			isa = PBXTargetDependency;
			target = BE74D8912A66C76F00073E46 /* PhotoSearchApp */;
			targetProxy = BE74D8A92A66C77000073E46 /* PBXContainerItemProxy */;
		};
/* End PBXTargetDependency section */

/* Begin PBXVariantGroup section */
		BE74D8A02A66C77000073E46 /* LaunchScreen.storyboard */ = {
			isa = PBXVariantGroup;
			children = (
				BE74D8A12A66C77000073E46 /* Base */,
			);
			name = LaunchScreen.storyboard;
			sourceTree = "<group>";
		};
/* End PBXVariantGroup section */

/* Begin XCBuildConfiguration section */
		BE74D8BA2A66C77000073E46 /* Debug */ = {
			isa = XCBuildConfiguration;
			buildSettings = {
				ALWAYS_SEARCH_USER_PATHS = NO;
				CLANG_ANALYZER_NONNULL = YES;
				CLANG_ANALYZER_NUMBER_OBJECT_CONVERSION = YES_AGGRESSIVE;
				CLANG_CXX_LANGUAGE_STANDARD = "gnu++20";
				CLANG_ENABLE_MODULES = YES;
				CLANG_ENABLE_OBJC_ARC = YES;
				CLANG_ENABLE_OBJC_WEAK = YES;
				CLANG_WARN_BLOCK_CAPTURE_AUTORELEASING = YES;
				CLANG_WARN_BOOL_CONVERSION = YES;
				CLANG_WARN_COMMA = YES;
				CLANG_WARN_CONSTANT_CONVERSION = YES;
				CLANG_WARN_DEPRECATED_OBJC_IMPLEMENTATIONS = YES;
				CLANG_WARN_DIRECT_OBJC_ISA_USAGE = YES_ERROR;
				CLANG_WARN_DOCUMENTATION_COMMENTS = YES;
				CLANG_WARN_EMPTY_BODY = YES;
				CLANG_WARN_ENUM_CONVERSION = YES;
				CLANG_WARN_INFINITE_RECURSION = YES;
				CLANG_WARN_INT_CONVERSION = YES;
				CLANG_WARN_NON_LITERAL_NULL_CONVERSION = YES;
				CLANG_WARN_OBJC_IMPLICIT_RETAIN_SELF = YES;
				CLANG_WARN_OBJC_LITERAL_CONVERSION = YES;
				CLANG_WARN_OBJC_ROOT_CLASS = YES_ERROR;
				CLANG_WARN_QUOTED_INCLUDE_IN_FRAMEWORK_HEADER = YES;
				CLANG_WARN_RANGE_LOOP_ANALYSIS = YES;
				CLANG_WARN_STRICT_PROTOTYPES = YES;
				CLANG_WARN_SUSPICIOUS_MOVE = YES;
				CLANG_WARN_UNGUARDED_AVAILABILITY = YES_AGGRESSIVE;
				CLANG_WARN_UNREACHABLE_CODE = YES;
				CLANG_WARN__DUPLICATE_METHOD_MATCH = YES;
				COPY_PHASE_STRIP = NO;
				DEBUG_INFORMATION_FORMAT = dwarf;
				ENABLE_STRICT_OBJC_MSGSEND = YES;
				ENABLE_TESTABILITY = YES;
				GCC_C_LANGUAGE_STANDARD = gnu11;
				GCC_DYNAMIC_NO_PIC = NO;
				GCC_NO_COMMON_BLOCKS = YES;
				GCC_OPTIMIZATION_LEVEL = 0;
				GCC_PREPROCESSOR_DEFINITIONS = (
					"DEBUG=1",
					"$(inherited)",
				);
				GCC_WARN_64_TO_32_BIT_CONVERSION = YES;
				GCC_WARN_ABOUT_RETURN_TYPE = YES_ERROR;
				GCC_WARN_UNDECLARED_SELECTOR = YES;
				GCC_WARN_UNINITIALIZED_AUTOS = YES_AGGRESSIVE;
				GCC_WARN_UNUSED_FUNCTION = YES;
				GCC_WARN_UNUSED_VARIABLE = YES;
				IPHONEOS_DEPLOYMENT_TARGET = 16.0;
				MTL_ENABLE_DEBUG_INFO = INCLUDE_SOURCE;
				MTL_FAST_MATH = YES;
				ONLY_ACTIVE_ARCH = YES;
				SDKROOT = iphoneos;
				SWIFT_ACTIVE_COMPILATION_CONDITIONS = DEBUG;
				SWIFT_OPTIMIZATION_LEVEL = "-Onone";
			};
			name = Debug;
		};
		BE74D8BB2A66C77000073E46 /* Release */ = {
			isa = XCBuildConfiguration;
			buildSettings = {
				ALWAYS_SEARCH_USER_PATHS = NO;
				CLANG_ANALYZER_NONNULL = YES;
				CLANG_ANALYZER_NUMBER_OBJECT_CONVERSION = YES_AGGRESSIVE;
				CLANG_CXX_LANGUAGE_STANDARD = "gnu++20";
				CLANG_ENABLE_MODULES = YES;
				CLANG_ENABLE_OBJC_ARC = YES;
				CLANG_ENABLE_OBJC_WEAK = YES;
				CLANG_WARN_BLOCK_CAPTURE_AUTORELEASING = YES;
				CLANG_WARN_BOOL_CONVERSION = YES;
				CLANG_WARN_COMMA = YES;
				CLANG_WARN_CONSTANT_CONVERSION = YES;
				CLANG_WARN_DEPRECATED_OBJC_IMPLEMENTATIONS = YES;
				CLANG_WARN_DIRECT_OBJC_ISA_USAGE = YES_ERROR;
				CLANG_WARN_DOCUMENTATION_COMMENTS = YES;
				CLANG_WARN_EMPTY_BODY = YES;
				CLANG_WARN_ENUM_CONVERSION = YES;
				CLANG_WARN_INFINITE_RECURSION = YES;
				CLANG_WARN_INT_CONVERSION = YES;
				CLANG_WARN_NON_LITERAL_NULL_CONVERSION = YES;
				CLANG_WARN_OBJC_IMPLICIT_RETAIN_SELF = YES;
				CLANG_WARN_OBJC_LITERAL_CONVERSION = YES;
				CLANG_WARN_OBJC_ROOT_CLASS = YES_ERROR;
				CLANG_WARN_QUOTED_INCLUDE_IN_FRAMEWORK_HEADER = YES;
				CLANG_WARN_RANGE_LOOP_ANALYSIS = YES;
				CLANG_WARN_STRICT_PROTOTYPES = YES;
				CLANG_WARN_SUSPICIOUS_MOVE = YES;
				CLANG_WARN_UNGUARDED_AVAILABILITY = YES_AGGRESSIVE;
				CLANG_WARN_UNREACHABLE_CODE = YES;
				CLANG_WARN__DUPLICATE_METHOD_MATCH = YES;
				COPY_PHASE_STRIP = NO;
				DEBUG_INFORMATION_FORMAT = "dwarf-with-dsym";
				ENABLE_NS_ASSERTIONS = NO;
				ENABLE_STRICT_OBJC_MSGSEND = YES;
				GCC_C_LANGUAGE_STANDARD = gnu11;
				GCC_NO_COMMON_BLOCKS = YES;
				GCC_WARN_64_TO_32_BIT_CONVERSION = YES;
				GCC_WARN_ABOUT_RETURN_TYPE = YES_ERROR;
				GCC_WARN_UNDECLARED_SELECTOR = YES;
				GCC_WARN_UNINITIALIZED_AUTOS = YES_AGGRESSIVE;
				GCC_WARN_UNUSED_FUNCTION = YES;
				GCC_WARN_UNUSED_VARIABLE = YES;
				IPHONEOS_DEPLOYMENT_TARGET = 16.0;
				MTL_ENABLE_DEBUG_INFO = NO;
				MTL_FAST_MATH = YES;
				SDKROOT = iphoneos;
				SWIFT_COMPILATION_MODE = wholemodule;
				SWIFT_OPTIMIZATION_LEVEL = "-O";
				VALIDATE_PRODUCT = YES;
			};
			name = Release;
		};
		BE74D8BD2A66C77000073E46 /* Debug */ = {
			isa = XCBuildConfiguration;
			buildSettings = {
				ASSETCATALOG_COMPILER_APPICON_NAME = AppIcon;
				ASSETCATALOG_COMPILER_GLOBAL_ACCENT_COLOR_NAME = AccentColor;
				CODE_SIGN_STYLE = Automatic;
				CURRENT_PROJECT_VERSION = 1;
				DEVELOPMENT_TEAM = DV4M5VPD3C;
				GENERATE_INFOPLIST_FILE = YES;
				INFOPLIST_FILE = PhotoSearchApp/Info.plist;
				INFOPLIST_KEY_UIApplicationSupportsIndirectInputEvents = YES;
				INFOPLIST_KEY_UILaunchStoryboardName = LaunchScreen;
				INFOPLIST_KEY_UISupportedInterfaceOrientations = UIInterfaceOrientationPortrait;
				INFOPLIST_KEY_UISupportedInterfaceOrientations_iPad = "UIInterfaceOrientationLandscapeLeft UIInterfaceOrientationLandscapeRight UIInterfaceOrientationPortrait UIInterfaceOrientationPortraitUpsideDown";
				LD_RUNPATH_SEARCH_PATHS = (
					"$(inherited)",
					"@executable_path/Frameworks",
				);
				MARKETING_VERSION = 1.0;
				PRODUCT_BUNDLE_IDENTIFIER = com.tszlung.PhotoSearchApp;
				PRODUCT_NAME = "$(TARGET_NAME)";
				SUPPORTED_PLATFORMS = "iphoneos iphonesimulator";
				SUPPORTS_MACCATALYST = NO;
				SUPPORTS_MAC_DESIGNED_FOR_IPHONE_IPAD = YES;
				SWIFT_EMIT_LOC_STRINGS = YES;
				SWIFT_VERSION = 5.0;
				TARGETED_DEVICE_FAMILY = 1;
			};
			name = Debug;
		};
		BE74D8BE2A66C77000073E46 /* Release */ = {
			isa = XCBuildConfiguration;
			buildSettings = {
				ASSETCATALOG_COMPILER_APPICON_NAME = AppIcon;
				ASSETCATALOG_COMPILER_GLOBAL_ACCENT_COLOR_NAME = AccentColor;
				CODE_SIGN_STYLE = Automatic;
				CURRENT_PROJECT_VERSION = 1;
				DEVELOPMENT_TEAM = DV4M5VPD3C;
				GENERATE_INFOPLIST_FILE = YES;
				INFOPLIST_FILE = PhotoSearchApp/Info.plist;
				INFOPLIST_KEY_UIApplicationSupportsIndirectInputEvents = YES;
				INFOPLIST_KEY_UILaunchStoryboardName = LaunchScreen;
				INFOPLIST_KEY_UISupportedInterfaceOrientations = UIInterfaceOrientationPortrait;
				INFOPLIST_KEY_UISupportedInterfaceOrientations_iPad = "UIInterfaceOrientationLandscapeLeft UIInterfaceOrientationLandscapeRight UIInterfaceOrientationPortrait UIInterfaceOrientationPortraitUpsideDown";
				LD_RUNPATH_SEARCH_PATHS = (
					"$(inherited)",
					"@executable_path/Frameworks",
				);
				MARKETING_VERSION = 1.0;
				PRODUCT_BUNDLE_IDENTIFIER = com.tszlung.PhotoSearchApp;
				PRODUCT_NAME = "$(TARGET_NAME)";
				SUPPORTED_PLATFORMS = "iphoneos iphonesimulator";
				SUPPORTS_MACCATALYST = NO;
				SUPPORTS_MAC_DESIGNED_FOR_IPHONE_IPAD = YES;
				SWIFT_EMIT_LOC_STRINGS = YES;
				SWIFT_VERSION = 5.0;
				TARGETED_DEVICE_FAMILY = 1;
			};
			name = Release;
		};
		BE74D8C02A66C77000073E46 /* Debug */ = {
			isa = XCBuildConfiguration;
			buildSettings = {
				ALWAYS_EMBED_SWIFT_STANDARD_LIBRARIES = YES;
				BUNDLE_LOADER = "$(TEST_HOST)";
				CODE_SIGN_STYLE = Automatic;
				CURRENT_PROJECT_VERSION = 1;
				DEVELOPMENT_TEAM = DV4M5VPD3C;
				GENERATE_INFOPLIST_FILE = YES;
				IPHONEOS_DEPLOYMENT_TARGET = 16.0;
				MARKETING_VERSION = 1.0;
				PRODUCT_BUNDLE_IDENTIFIER = com.tszlung.PhotoSearchAppTests;
				PRODUCT_NAME = "$(TARGET_NAME)";
				SUPPORTED_PLATFORMS = "iphoneos iphonesimulator";
				SUPPORTS_MACCATALYST = NO;
				SUPPORTS_MAC_DESIGNED_FOR_IPHONE_IPAD = YES;
				SWIFT_EMIT_LOC_STRINGS = NO;
				SWIFT_VERSION = 5.0;
				TARGETED_DEVICE_FAMILY = 1;
				TEST_HOST = "$(BUILT_PRODUCTS_DIR)/PhotoSearchApp.app/$(BUNDLE_EXECUTABLE_FOLDER_PATH)/PhotoSearchApp";
			};
			name = Debug;
		};
		BE74D8C12A66C77000073E46 /* Release */ = {
			isa = XCBuildConfiguration;
			buildSettings = {
				ALWAYS_EMBED_SWIFT_STANDARD_LIBRARIES = YES;
				BUNDLE_LOADER = "$(TEST_HOST)";
				CODE_SIGN_STYLE = Automatic;
				CURRENT_PROJECT_VERSION = 1;
				DEVELOPMENT_TEAM = DV4M5VPD3C;
				GENERATE_INFOPLIST_FILE = YES;
				IPHONEOS_DEPLOYMENT_TARGET = 16.0;
				MARKETING_VERSION = 1.0;
				PRODUCT_BUNDLE_IDENTIFIER = com.tszlung.PhotoSearchAppTests;
				PRODUCT_NAME = "$(TARGET_NAME)";
				SUPPORTED_PLATFORMS = "iphoneos iphonesimulator";
				SUPPORTS_MACCATALYST = NO;
				SUPPORTS_MAC_DESIGNED_FOR_IPHONE_IPAD = YES;
				SWIFT_EMIT_LOC_STRINGS = NO;
				SWIFT_VERSION = 5.0;
				TARGETED_DEVICE_FAMILY = 1;
				TEST_HOST = "$(BUILT_PRODUCTS_DIR)/PhotoSearchApp.app/$(BUNDLE_EXECUTABLE_FOLDER_PATH)/PhotoSearchApp";
			};
			name = Release;
		};
/* End XCBuildConfiguration section */

/* Begin XCConfigurationList section */
		BE74D88D2A66C76F00073E46 /* Build configuration list for PBXProject "PhotoSearchApp" */ = {
			isa = XCConfigurationList;
			buildConfigurations = (
				BE74D8BA2A66C77000073E46 /* Debug */,
				BE74D8BB2A66C77000073E46 /* Release */,
			);
			defaultConfigurationIsVisible = 0;
			defaultConfigurationName = Release;
		};
		BE74D8BC2A66C77000073E46 /* Build configuration list for PBXNativeTarget "PhotoSearchApp" */ = {
			isa = XCConfigurationList;
			buildConfigurations = (
				BE74D8BD2A66C77000073E46 /* Debug */,
				BE74D8BE2A66C77000073E46 /* Release */,
			);
			defaultConfigurationIsVisible = 0;
			defaultConfigurationName = Release;
		};
		BE74D8BF2A66C77000073E46 /* Build configuration list for PBXNativeTarget "PhotoSearchAppTests" */ = {
			isa = XCConfigurationList;
			buildConfigurations = (
				BE74D8C02A66C77000073E46 /* Debug */,
				BE74D8C12A66C77000073E46 /* Release */,
			);
			defaultConfigurationIsVisible = 0;
			defaultConfigurationName = Release;
		};
/* End XCConfigurationList section */
	};
	rootObject = BE74D88A2A66C76F00073E46 /* Project object */;
}
