// !$*UTF8*$!
{
	archiveVersion = 1;
	classes = {
	};
	objectVersion = 56;
	objects = {

/* Begin PBXBuildFile section */
		BE1A2C4C2B19F6F8002974D7 /* CacheImageDataUseCaseTests.swift in Sources */ = {isa = PBXBuildFile; fileRef = BE1A2C4B2B19F6F8002974D7 /* CacheImageDataUseCaseTests.swift */; };
		BE1A2C4F2B1A1A4A002974D7 /* ImageDataStore.swift in Sources */ = {isa = PBXBuildFile; fileRef = BE1A2C4E2B1A1A4A002974D7 /* ImageDataStore.swift */; };
		BE1A2C512B1A1A75002974D7 /* ImageDataCacher.swift in Sources */ = {isa = PBXBuildFile; fileRef = BE1A2C502B1A1A75002974D7 /* ImageDataCacher.swift */; };
		BE1A2C542B1A1AE4002974D7 /* ImageDataStoreSpy.swift in Sources */ = {isa = PBXBuildFile; fileRef = BE1A2C532B1A1AE4002974D7 /* ImageDataStoreSpy.swift */; };
		BE1A2C562B1A25D3002974D7 /* LoadImageDataFromCacheUseCaseTests.swift in Sources */ = {isa = PBXBuildFile; fileRef = BE1A2C552B1A25D3002974D7 /* LoadImageDataFromCacheUseCaseTests.swift */; };
		BE1A2C5A2B1A3D52002974D7 /* NSCacheDataStoreTests.swift in Sources */ = {isa = PBXBuildFile; fileRef = BE1A2C592B1A3D52002974D7 /* NSCacheDataStoreTests.swift */; };
		BE1A2C5C2B1A4AF4002974D7 /* NSCacheDataStore.swift in Sources */ = {isa = PBXBuildFile; fileRef = BE1A2C5B2B1A4AF4002974D7 /* NSCacheDataStore.swift */; };
		BE4291732A6858FC00AE86D7 /* PhotoCellController.swift in Sources */ = {isa = PBXBuildFile; fileRef = BE4291722A6858FC00AE86D7 /* PhotoCellController.swift */; };
		BE4291752A685A8200AE86D7 /* PhotoSearchComposer.swift in Sources */ = {isa = PBXBuildFile; fileRef = BE4291742A685A8200AE86D7 /* PhotoSearchComposer.swift */; };
		BE479DD82A671B820036898B /* Photo.swift in Sources */ = {isa = PBXBuildFile; fileRef = BE479DD72A671B820036898B /* Photo.swift */; };
		BE479DDA2A671BF00036898B /* PhotoCell.swift in Sources */ = {isa = PBXBuildFile; fileRef = BE479DD92A671BF00036898B /* PhotoCell.swift */; };
		BE479DDC2A671C2F0036898B /* PhotoSearchViewController.swift in Sources */ = {isa = PBXBuildFile; fileRef = BE479DDB2A671C2F0036898B /* PhotoSearchViewController.swift */; };
		BE59B60A2A692965002C7E21 /* PhotosPresenter.swift in Sources */ = {isa = PBXBuildFile; fileRef = BE59B6092A692965002C7E21 /* PhotosPresenter.swift */; };
		BE59B60E2A692DF6002C7E21 /* PhotosErrorViewModel.swift in Sources */ = {isa = PBXBuildFile; fileRef = BE59B60D2A692DF6002C7E21 /* PhotosErrorViewModel.swift */; };
		BE59B6102A692E09002C7E21 /* PhotosViewModel.swift in Sources */ = {isa = PBXBuildFile; fileRef = BE59B60F2A692E09002C7E21 /* PhotosViewModel.swift */; };
		BE59B6122A692E1D002C7E21 /* PhotosLoadingViewModel.swift in Sources */ = {isa = PBXBuildFile; fileRef = BE59B6112A692E1D002C7E21 /* PhotosLoadingViewModel.swift */; };
		BE59B61B2A6939E9002C7E21 /* WeakRefProxy.swift in Sources */ = {isa = PBXBuildFile; fileRef = BE59B61A2A6939E9002C7E21 /* WeakRefProxy.swift */; };
		BE59B61D2A693D1C002C7E21 /* PhotoSearchViewController+TestHelpers.swift in Sources */ = {isa = PBXBuildFile; fileRef = BE59B61C2A693D1C002C7E21 /* PhotoSearchViewController+TestHelpers.swift */; };
		BE59B61F2A693D82002C7E21 /* PhotoCell+TestHelpers.swift in Sources */ = {isa = PBXBuildFile; fileRef = BE59B61E2A693D82002C7E21 /* PhotoCell+TestHelpers.swift */; };
		BE59B6232A694000002C7E21 /* PhotosViewAdapter.swift in Sources */ = {isa = PBXBuildFile; fileRef = BE59B6222A694000002C7E21 /* PhotosViewAdapter.swift */; };
		BE59B6252A697219002C7E21 /* PhotoImageViewModel.swift in Sources */ = {isa = PBXBuildFile; fileRef = BE59B6242A697219002C7E21 /* PhotoImageViewModel.swift */; };
		BE59B6272A697287002C7E21 /* PhotoImageLoadingViewModel.swift in Sources */ = {isa = PBXBuildFile; fileRef = BE59B6262A697287002C7E21 /* PhotoImageLoadingViewModel.swift */; };
		BE59B6292A6972B6002C7E21 /* PhotoImagePresenter.swift in Sources */ = {isa = PBXBuildFile; fileRef = BE59B6282A6972B6002C7E21 /* PhotoImagePresenter.swift */; };
		BE59B62B2A69770B002C7E21 /* PhotoCellComposer.swift in Sources */ = {isa = PBXBuildFile; fileRef = BE59B62A2A69770B002C7E21 /* PhotoCellComposer.swift */; };
		BE59F7552A6D30E3009CA422 /* SceneDelegateTests.swift in Sources */ = {isa = PBXBuildFile; fileRef = BE59F7542A6D30E3009CA422 /* SceneDelegateTests.swift */; };
		BE5BFEEC2A67E30F002C6E72 /* CombineHelpers.swift in Sources */ = {isa = PBXBuildFile; fileRef = BE5BFEEB2A67E30F002C6E72 /* CombineHelpers.swift */; };
		BE6188632B1CD2DF00557918 /* HTTPURLResponse+TestHelpers.swift in Sources */ = {isa = PBXBuildFile; fileRef = BE6188622B1CD2DF00557918 /* HTTPURLResponse+TestHelpers.swift */; };
		BE61CDEB2B1F4D6C00359F70 /* PhotoSearchViewSnapshotTests.swift in Sources */ = {isa = PBXBuildFile; fileRef = BE61CDEA2B1F4D6C00359F70 /* PhotoSearchViewSnapshotTests.swift */; };
		BE61CDEF2B1F58A900359F70 /* EMPTY_PHOTOS_dark.png in Resources */ = {isa = PBXBuildFile; fileRef = BE61CDED2B1F58A900359F70 /* EMPTY_PHOTOS_dark.png */; };
		BE61CDF02B1F58A900359F70 /* EMPTY_PHOTOS_light.png in Resources */ = {isa = PBXBuildFile; fileRef = BE61CDEE2B1F58A900359F70 /* EMPTY_PHOTOS_light.png */; };
		BE61CDF32B1F605300359F70 /* UIViewController+Snapshot.swift in Sources */ = {isa = PBXBuildFile; fileRef = BE61CDF22B1F605300359F70 /* UIViewController+Snapshot.swift */; };
		BE61CDF52B1F60C400359F70 /* XCTestCase+Snapshot.swift in Sources */ = {isa = PBXBuildFile; fileRef = BE61CDF42B1F60C400359F70 /* XCTestCase+Snapshot.swift */; };
		BE61CDF82B1F667700359F70 /* PHOTOS_WITH_CONTENT_dark.png in Resources */ = {isa = PBXBuildFile; fileRef = BE61CDF62B1F667600359F70 /* PHOTOS_WITH_CONTENT_dark.png */; };
		BE61CDF92B1F667700359F70 /* PHOTOS_WITH_CONTENT_light.png in Resources */ = {isa = PBXBuildFile; fileRef = BE61CDF72B1F667700359F70 /* PHOTOS_WITH_CONTENT_light.png */; };
		BE61CDFC2B1F6CEB00359F70 /* PHOTOS_WITH_FAILED_IMAGE_LOADING_light.png in Resources */ = {isa = PBXBuildFile; fileRef = BE61CDFA2B1F6CEB00359F70 /* PHOTOS_WITH_FAILED_IMAGE_LOADING_light.png */; };
		BE61CDFD2B1F6CEB00359F70 /* PHOTOS_WITH_FAILED_IMAGE_LOADING_dark.png in Resources */ = {isa = PBXBuildFile; fileRef = BE61CDFB2B1F6CEB00359F70 /* PHOTOS_WITH_FAILED_IMAGE_LOADING_dark.png */; };
		BE636D862A6AC47D00B288B8 /* LoaderSpy.swift in Sources */ = {isa = PBXBuildFile; fileRef = BE636D852A6AC47D00B288B8 /* LoaderSpy.swift */; };
		BE636D882A6AD0FC00B288B8 /* URLSessionHTTPClientTests.swift in Sources */ = {isa = PBXBuildFile; fileRef = BE636D872A6AD0FC00B288B8 /* URLSessionHTTPClientTests.swift */; };
		BE636D8A2A6ADE1E00B288B8 /* CommonHelpers.swift in Sources */ = {isa = PBXBuildFile; fileRef = BE636D892A6ADE1E00B288B8 /* CommonHelpers.swift */; };
		BE6C2D8E2B1B9EA90018A688 /* ImageDataCacheIntegrationTests.swift in Sources */ = {isa = PBXBuildFile; fileRef = BE6C2D8D2B1B9EA90018A688 /* ImageDataCacheIntegrationTests.swift */; };
		BE6C2D902B1BA2590018A688 /* CacheTestHelpers.swift in Sources */ = {isa = PBXBuildFile; fileRef = BE6C2D8F2B1BA2590018A688 /* CacheTestHelpers.swift */; };
		BE70DF1C2A6BDA5300973366 /* PhotosEndpointTests.swift in Sources */ = {isa = PBXBuildFile; fileRef = BE70DF1B2A6BDA5300973366 /* PhotosEndpointTests.swift */; };
		BE70DF1F2A6BDFD400973366 /* PhotosEndpoint.swift in Sources */ = {isa = PBXBuildFile; fileRef = BE70DF1E2A6BDFD400973366 /* PhotosEndpoint.swift */; };
		BE70DF212A6BE05400973366 /* PhotoImageEndpointTests.swift in Sources */ = {isa = PBXBuildFile; fileRef = BE70DF202A6BE05400973366 /* PhotoImageEndpointTests.swift */; };
		BE70DF232A6BE39A00973366 /* PhotoImageEndpoint.swift in Sources */ = {isa = PBXBuildFile; fileRef = BE70DF222A6BE39A00973366 /* PhotoImageEndpoint.swift */; };
		BE70DF252A6C017900973366 /* PhotosResponseConverterTests.swift in Sources */ = {isa = PBXBuildFile; fileRef = BE70DF242A6C017900973366 /* PhotosResponseConverterTests.swift */; };
		BE70DF272A6C0F1600973366 /* PhotosResponseConverter.swift in Sources */ = {isa = PBXBuildFile; fileRef = BE70DF262A6C0F1600973366 /* PhotosResponseConverter.swift */; };
		BE70DF2B2A6C0F8300973366 /* HTTPURLResponse+statusCode200.swift in Sources */ = {isa = PBXBuildFile; fileRef = BE70DF2A2A6C0F8300973366 /* HTTPURLResponse+statusCode200.swift */; };
		BE70DF2D2A6C480700973366 /* PhotoImageResponseConverterTests.swift in Sources */ = {isa = PBXBuildFile; fileRef = BE70DF2C2A6C480700973366 /* PhotoImageResponseConverterTests.swift */; };
		BE70DF2F2A6C4AE800973366 /* PhotoImageResponseConverter.swift in Sources */ = {isa = PBXBuildFile; fileRef = BE70DF2E2A6C4AE800973366 /* PhotoImageResponseConverter.swift */; };
		BE74D8962A66C76F00073E46 /* AppDelegate.swift in Sources */ = {isa = PBXBuildFile; fileRef = BE74D8952A66C76F00073E46 /* AppDelegate.swift */; };
		BE74D8982A66C76F00073E46 /* SceneDelegate.swift in Sources */ = {isa = PBXBuildFile; fileRef = BE74D8972A66C76F00073E46 /* SceneDelegate.swift */; };
		BE74D89F2A66C77000073E46 /* Assets.xcassets in Resources */ = {isa = PBXBuildFile; fileRef = BE74D89E2A66C77000073E46 /* Assets.xcassets */; };
		BE74D8A22A66C77000073E46 /* LaunchScreen.storyboard in Resources */ = {isa = PBXBuildFile; fileRef = BE74D8A02A66C77000073E46 /* LaunchScreen.storyboard */; };
		BE74D8AD2A66C77000073E46 /* PhotoSearchUIIntegrationTests.swift in Sources */ = {isa = PBXBuildFile; fileRef = BE74D8AC2A66C77000073E46 /* PhotoSearchUIIntegrationTests.swift */; };
		BE74D8C72A66D21500073E46 /* UIRefreshControl+TestHelpers.swift in Sources */ = {isa = PBXBuildFile; fileRef = BE74D8C62A66D21500073E46 /* UIRefreshControl+TestHelpers.swift */; };
		BE74D8C92A66D24800073E46 /* UIControl+TestHelpers.swift in Sources */ = {isa = PBXBuildFile; fileRef = BE74D8C82A66D24800073E46 /* UIControl+TestHelpers.swift */; };
		BE74D8CC2A66D72000073E46 /* XCTestCase+MemoryLeakTracking.swift in Sources */ = {isa = PBXBuildFile; fileRef = BE74D8CB2A66D72000073E46 /* XCTestCase+MemoryLeakTracking.swift */; };
		BE7B999D2A6A7D7100B39C9B /* LoadResourcePublisherAdapter.swift in Sources */ = {isa = PBXBuildFile; fileRef = BE7B999C2A6A7D7100B39C9B /* LoadResourcePublisherAdapter.swift */; };
		BE81ECDA2A6AED0A00E67DB8 /* URLProtocolStub.swift in Sources */ = {isa = PBXBuildFile; fileRef = BE81ECD92A6AED0A00E67DB8 /* URLProtocolStub.swift */; };
		BE81ECDD2A6AED5C00E67DB8 /* URLSessionHTTPClient.swift in Sources */ = {isa = PBXBuildFile; fileRef = BE81ECDC2A6AED5C00E67DB8 /* URLSessionHTTPClient.swift */; };
		BE81ECDF2A6AEDA000E67DB8 /* HTTPClient.swift in Sources */ = {isa = PBXBuildFile; fileRef = BE81ECDE2A6AEDA000E67DB8 /* HTTPClient.swift */; };
		BE8F8B232B1DDB2100F5BB09 /* PhotosSearchAcceptanceTests.swift in Sources */ = {isa = PBXBuildFile; fileRef = BE8F8B222B1DDB2100F5BB09 /* PhotosSearchAcceptanceTests.swift */; };
		BE8F8B252B1E010000F5BB09 /* HTTPClientStub.swift in Sources */ = {isa = PBXBuildFile; fileRef = BE8F8B242B1E010000F5BB09 /* HTTPClientStub.swift */; };
		BE99DD4F2B18B59F0093F021 /* UITableViewCell+Identifier.swift in Sources */ = {isa = PBXBuildFile; fileRef = BE99DD4E2B18B59F0093F021 /* UITableViewCell+Identifier.swift */; };
		BE99DD512B18CC330093F021 /* ResourcePresenter.swift in Sources */ = {isa = PBXBuildFile; fileRef = BE99DD502B18CC330093F021 /* ResourcePresenter.swift */; };
		BED8BA362A6820BC0068A202 /* UIImage+TestHelpers.swift in Sources */ = {isa = PBXBuildFile; fileRef = BED8BA352A6820BC0068A202 /* UIImage+TestHelpers.swift */; };
		BED8BA382A682C9B0068A202 /* ShimmeringView.swift in Sources */ = {isa = PBXBuildFile; fileRef = BED8BA372A682C9B0068A202 /* ShimmeringView.swift */; };
/* End PBXBuildFile section */

/* Begin PBXContainerItemProxy section */
		BE74D8A92A66C77000073E46 /* PBXContainerItemProxy */ = {
			isa = PBXContainerItemProxy;
			containerPortal = BE74D88A2A66C76F00073E46 /* Project object */;
			proxyType = 1;
			remoteGlobalIDString = BE74D8912A66C76F00073E46;
			remoteInfo = PhotoSearchApp;
		};
/* End PBXContainerItemProxy section */

/* Begin PBXFileReference section */
		BE1A2C4B2B19F6F8002974D7 /* CacheImageDataUseCaseTests.swift */ = {isa = PBXFileReference; lastKnownFileType = sourcecode.swift; path = CacheImageDataUseCaseTests.swift; sourceTree = "<group>"; };
		BE1A2C4E2B1A1A4A002974D7 /* ImageDataStore.swift */ = {isa = PBXFileReference; lastKnownFileType = sourcecode.swift; path = ImageDataStore.swift; sourceTree = "<group>"; };
		BE1A2C502B1A1A75002974D7 /* ImageDataCacher.swift */ = {isa = PBXFileReference; lastKnownFileType = sourcecode.swift; path = ImageDataCacher.swift; sourceTree = "<group>"; };
		BE1A2C532B1A1AE4002974D7 /* ImageDataStoreSpy.swift */ = {isa = PBXFileReference; lastKnownFileType = sourcecode.swift; path = ImageDataStoreSpy.swift; sourceTree = "<group>"; };
		BE1A2C552B1A25D3002974D7 /* LoadImageDataFromCacheUseCaseTests.swift */ = {isa = PBXFileReference; lastKnownFileType = sourcecode.swift; path = LoadImageDataFromCacheUseCaseTests.swift; sourceTree = "<group>"; };
		BE1A2C592B1A3D52002974D7 /* NSCacheDataStoreTests.swift */ = {isa = PBXFileReference; lastKnownFileType = sourcecode.swift; path = NSCacheDataStoreTests.swift; sourceTree = "<group>"; };
		BE1A2C5B2B1A4AF4002974D7 /* NSCacheDataStore.swift */ = {isa = PBXFileReference; lastKnownFileType = sourcecode.swift; path = NSCacheDataStore.swift; sourceTree = "<group>"; };
		BE4291722A6858FC00AE86D7 /* PhotoCellController.swift */ = {isa = PBXFileReference; lastKnownFileType = sourcecode.swift; path = PhotoCellController.swift; sourceTree = "<group>"; };
		BE4291742A685A8200AE86D7 /* PhotoSearchComposer.swift */ = {isa = PBXFileReference; lastKnownFileType = sourcecode.swift; path = PhotoSearchComposer.swift; sourceTree = "<group>"; };
		BE479DD72A671B820036898B /* Photo.swift */ = {isa = PBXFileReference; lastKnownFileType = sourcecode.swift; path = Photo.swift; sourceTree = "<group>"; };
		BE479DD92A671BF00036898B /* PhotoCell.swift */ = {isa = PBXFileReference; lastKnownFileType = sourcecode.swift; path = PhotoCell.swift; sourceTree = "<group>"; };
		BE479DDB2A671C2F0036898B /* PhotoSearchViewController.swift */ = {isa = PBXFileReference; lastKnownFileType = sourcecode.swift; path = PhotoSearchViewController.swift; sourceTree = "<group>"; };
		BE59B6092A692965002C7E21 /* PhotosPresenter.swift */ = {isa = PBXFileReference; lastKnownFileType = sourcecode.swift; path = PhotosPresenter.swift; sourceTree = "<group>"; };
		BE59B60D2A692DF6002C7E21 /* PhotosErrorViewModel.swift */ = {isa = PBXFileReference; lastKnownFileType = sourcecode.swift; path = PhotosErrorViewModel.swift; sourceTree = "<group>"; };
		BE59B60F2A692E09002C7E21 /* PhotosViewModel.swift */ = {isa = PBXFileReference; lastKnownFileType = sourcecode.swift; path = PhotosViewModel.swift; sourceTree = "<group>"; };
		BE59B6112A692E1D002C7E21 /* PhotosLoadingViewModel.swift */ = {isa = PBXFileReference; lastKnownFileType = sourcecode.swift; path = PhotosLoadingViewModel.swift; sourceTree = "<group>"; };
		BE59B61A2A6939E9002C7E21 /* WeakRefProxy.swift */ = {isa = PBXFileReference; lastKnownFileType = sourcecode.swift; path = WeakRefProxy.swift; sourceTree = "<group>"; };
		BE59B61C2A693D1C002C7E21 /* PhotoSearchViewController+TestHelpers.swift */ = {isa = PBXFileReference; lastKnownFileType = sourcecode.swift; path = "PhotoSearchViewController+TestHelpers.swift"; sourceTree = "<group>"; };
		BE59B61E2A693D82002C7E21 /* PhotoCell+TestHelpers.swift */ = {isa = PBXFileReference; lastKnownFileType = sourcecode.swift; path = "PhotoCell+TestHelpers.swift"; sourceTree = "<group>"; };
		BE59B6222A694000002C7E21 /* PhotosViewAdapter.swift */ = {isa = PBXFileReference; lastKnownFileType = sourcecode.swift; path = PhotosViewAdapter.swift; sourceTree = "<group>"; };
		BE59B6242A697219002C7E21 /* PhotoImageViewModel.swift */ = {isa = PBXFileReference; lastKnownFileType = sourcecode.swift; path = PhotoImageViewModel.swift; sourceTree = "<group>"; };
		BE59B6262A697287002C7E21 /* PhotoImageLoadingViewModel.swift */ = {isa = PBXFileReference; lastKnownFileType = sourcecode.swift; path = PhotoImageLoadingViewModel.swift; sourceTree = "<group>"; };
		BE59B6282A6972B6002C7E21 /* PhotoImagePresenter.swift */ = {isa = PBXFileReference; lastKnownFileType = sourcecode.swift; path = PhotoImagePresenter.swift; sourceTree = "<group>"; };
		BE59B62A2A69770B002C7E21 /* PhotoCellComposer.swift */ = {isa = PBXFileReference; lastKnownFileType = sourcecode.swift; path = PhotoCellComposer.swift; sourceTree = "<group>"; };
		BE59F7542A6D30E3009CA422 /* SceneDelegateTests.swift */ = {isa = PBXFileReference; lastKnownFileType = sourcecode.swift; path = SceneDelegateTests.swift; sourceTree = "<group>"; };
		BE5BFEEB2A67E30F002C6E72 /* CombineHelpers.swift */ = {isa = PBXFileReference; lastKnownFileType = sourcecode.swift; path = CombineHelpers.swift; sourceTree = "<group>"; };
		BE6188622B1CD2DF00557918 /* HTTPURLResponse+TestHelpers.swift */ = {isa = PBXFileReference; lastKnownFileType = sourcecode.swift; path = "HTTPURLResponse+TestHelpers.swift"; sourceTree = "<group>"; };
		BE61CDEA2B1F4D6C00359F70 /* PhotoSearchViewSnapshotTests.swift */ = {isa = PBXFileReference; lastKnownFileType = sourcecode.swift; path = PhotoSearchViewSnapshotTests.swift; sourceTree = "<group>"; };
		BE61CDED2B1F58A900359F70 /* EMPTY_PHOTOS_dark.png */ = {isa = PBXFileReference; lastKnownFileType = image.png; path = EMPTY_PHOTOS_dark.png; sourceTree = "<group>"; };
		BE61CDEE2B1F58A900359F70 /* EMPTY_PHOTOS_light.png */ = {isa = PBXFileReference; lastKnownFileType = image.png; path = EMPTY_PHOTOS_light.png; sourceTree = "<group>"; };
		BE61CDF22B1F605300359F70 /* UIViewController+Snapshot.swift */ = {isa = PBXFileReference; lastKnownFileType = sourcecode.swift; path = "UIViewController+Snapshot.swift"; sourceTree = "<group>"; };
		BE61CDF42B1F60C400359F70 /* XCTestCase+Snapshot.swift */ = {isa = PBXFileReference; lastKnownFileType = sourcecode.swift; path = "XCTestCase+Snapshot.swift"; sourceTree = "<group>"; };
		BE61CDF62B1F667600359F70 /* PHOTOS_WITH_CONTENT_dark.png */ = {isa = PBXFileReference; lastKnownFileType = image.png; path = PHOTOS_WITH_CONTENT_dark.png; sourceTree = "<group>"; };
		BE61CDF72B1F667700359F70 /* PHOTOS_WITH_CONTENT_light.png */ = {isa = PBXFileReference; lastKnownFileType = image.png; path = PHOTOS_WITH_CONTENT_light.png; sourceTree = "<group>"; };
		BE61CDFA2B1F6CEB00359F70 /* PHOTOS_WITH_FAILED_IMAGE_LOADING_light.png */ = {isa = PBXFileReference; lastKnownFileType = image.png; path = PHOTOS_WITH_FAILED_IMAGE_LOADING_light.png; sourceTree = "<group>"; };
		BE61CDFB2B1F6CEB00359F70 /* PHOTOS_WITH_FAILED_IMAGE_LOADING_dark.png */ = {isa = PBXFileReference; lastKnownFileType = image.png; path = PHOTOS_WITH_FAILED_IMAGE_LOADING_dark.png; sourceTree = "<group>"; };
		BE636D852A6AC47D00B288B8 /* LoaderSpy.swift */ = {isa = PBXFileReference; lastKnownFileType = sourcecode.swift; path = LoaderSpy.swift; sourceTree = "<group>"; };
		BE636D872A6AD0FC00B288B8 /* URLSessionHTTPClientTests.swift */ = {isa = PBXFileReference; lastKnownFileType = sourcecode.swift; path = URLSessionHTTPClientTests.swift; sourceTree = "<group>"; };
		BE636D892A6ADE1E00B288B8 /* CommonHelpers.swift */ = {isa = PBXFileReference; lastKnownFileType = sourcecode.swift; path = CommonHelpers.swift; sourceTree = "<group>"; };
		BE6C2D8D2B1B9EA90018A688 /* ImageDataCacheIntegrationTests.swift */ = {isa = PBXFileReference; lastKnownFileType = sourcecode.swift; path = ImageDataCacheIntegrationTests.swift; sourceTree = "<group>"; };
		BE6C2D8F2B1BA2590018A688 /* CacheTestHelpers.swift */ = {isa = PBXFileReference; lastKnownFileType = sourcecode.swift; path = CacheTestHelpers.swift; sourceTree = "<group>"; };
		BE70DF1B2A6BDA5300973366 /* PhotosEndpointTests.swift */ = {isa = PBXFileReference; lastKnownFileType = sourcecode.swift; path = PhotosEndpointTests.swift; sourceTree = "<group>"; };
		BE70DF1E2A6BDFD400973366 /* PhotosEndpoint.swift */ = {isa = PBXFileReference; lastKnownFileType = sourcecode.swift; path = PhotosEndpoint.swift; sourceTree = "<group>"; };
		BE70DF202A6BE05400973366 /* PhotoImageEndpointTests.swift */ = {isa = PBXFileReference; lastKnownFileType = sourcecode.swift; path = PhotoImageEndpointTests.swift; sourceTree = "<group>"; };
		BE70DF222A6BE39A00973366 /* PhotoImageEndpoint.swift */ = {isa = PBXFileReference; lastKnownFileType = sourcecode.swift; path = PhotoImageEndpoint.swift; sourceTree = "<group>"; };
		BE70DF242A6C017900973366 /* PhotosResponseConverterTests.swift */ = {isa = PBXFileReference; lastKnownFileType = sourcecode.swift; path = PhotosResponseConverterTests.swift; sourceTree = "<group>"; };
		BE70DF262A6C0F1600973366 /* PhotosResponseConverter.swift */ = {isa = PBXFileReference; lastKnownFileType = sourcecode.swift; path = PhotosResponseConverter.swift; sourceTree = "<group>"; };
		BE70DF2A2A6C0F8300973366 /* HTTPURLResponse+statusCode200.swift */ = {isa = PBXFileReference; lastKnownFileType = sourcecode.swift; path = "HTTPURLResponse+statusCode200.swift"; sourceTree = "<group>"; };
		BE70DF2C2A6C480700973366 /* PhotoImageResponseConverterTests.swift */ = {isa = PBXFileReference; lastKnownFileType = sourcecode.swift; path = PhotoImageResponseConverterTests.swift; sourceTree = "<group>"; };
		BE70DF2E2A6C4AE800973366 /* PhotoImageResponseConverter.swift */ = {isa = PBXFileReference; lastKnownFileType = sourcecode.swift; path = PhotoImageResponseConverter.swift; sourceTree = "<group>"; };
		BE74D8922A66C76F00073E46 /* PhotoSearchApp.app */ = {isa = PBXFileReference; explicitFileType = wrapper.application; includeInIndex = 0; path = PhotoSearchApp.app; sourceTree = BUILT_PRODUCTS_DIR; };
		BE74D8952A66C76F00073E46 /* AppDelegate.swift */ = {isa = PBXFileReference; lastKnownFileType = sourcecode.swift; path = AppDelegate.swift; sourceTree = "<group>"; };
		BE74D8972A66C76F00073E46 /* SceneDelegate.swift */ = {isa = PBXFileReference; lastKnownFileType = sourcecode.swift; path = SceneDelegate.swift; sourceTree = "<group>"; };
		BE74D89E2A66C77000073E46 /* Assets.xcassets */ = {isa = PBXFileReference; lastKnownFileType = folder.assetcatalog; path = Assets.xcassets; sourceTree = "<group>"; };
		BE74D8A12A66C77000073E46 /* Base */ = {isa = PBXFileReference; lastKnownFileType = file.storyboard; name = Base; path = Base.lproj/LaunchScreen.storyboard; sourceTree = "<group>"; };
		BE74D8A32A66C77000073E46 /* Info.plist */ = {isa = PBXFileReference; lastKnownFileType = text.plist.xml; path = Info.plist; sourceTree = "<group>"; };
		BE74D8A82A66C77000073E46 /* PhotoSearchAppTests.xctest */ = {isa = PBXFileReference; explicitFileType = wrapper.cfbundle; includeInIndex = 0; path = PhotoSearchAppTests.xctest; sourceTree = BUILT_PRODUCTS_DIR; };
		BE74D8AC2A66C77000073E46 /* PhotoSearchUIIntegrationTests.swift */ = {isa = PBXFileReference; lastKnownFileType = sourcecode.swift; path = PhotoSearchUIIntegrationTests.swift; sourceTree = "<group>"; };
		BE74D8C52A66C87600073E46 /* PhotoSearchApp.xctestplan */ = {isa = PBXFileReference; lastKnownFileType = text; path = PhotoSearchApp.xctestplan; sourceTree = "<group>"; };
		BE74D8C62A66D21500073E46 /* UIRefreshControl+TestHelpers.swift */ = {isa = PBXFileReference; lastKnownFileType = sourcecode.swift; path = "UIRefreshControl+TestHelpers.swift"; sourceTree = "<group>"; };
		BE74D8C82A66D24800073E46 /* UIControl+TestHelpers.swift */ = {isa = PBXFileReference; lastKnownFileType = sourcecode.swift; path = "UIControl+TestHelpers.swift"; sourceTree = "<group>"; };
		BE74D8CB2A66D72000073E46 /* XCTestCase+MemoryLeakTracking.swift */ = {isa = PBXFileReference; lastKnownFileType = sourcecode.swift; path = "XCTestCase+MemoryLeakTracking.swift"; sourceTree = "<group>"; };
		BE7B999C2A6A7D7100B39C9B /* LoadResourcePublisherAdapter.swift */ = {isa = PBXFileReference; lastKnownFileType = sourcecode.swift; path = LoadResourcePublisherAdapter.swift; sourceTree = "<group>"; };
		BE81ECD92A6AED0A00E67DB8 /* URLProtocolStub.swift */ = {isa = PBXFileReference; lastKnownFileType = sourcecode.swift; path = URLProtocolStub.swift; sourceTree = "<group>"; };
		BE81ECDC2A6AED5C00E67DB8 /* URLSessionHTTPClient.swift */ = {isa = PBXFileReference; lastKnownFileType = sourcecode.swift; path = URLSessionHTTPClient.swift; sourceTree = "<group>"; };
		BE81ECDE2A6AEDA000E67DB8 /* HTTPClient.swift */ = {isa = PBXFileReference; lastKnownFileType = sourcecode.swift; path = HTTPClient.swift; sourceTree = "<group>"; };
		BE8F8B222B1DDB2100F5BB09 /* PhotosSearchAcceptanceTests.swift */ = {isa = PBXFileReference; lastKnownFileType = sourcecode.swift; path = PhotosSearchAcceptanceTests.swift; sourceTree = "<group>"; };
		BE8F8B242B1E010000F5BB09 /* HTTPClientStub.swift */ = {isa = PBXFileReference; lastKnownFileType = sourcecode.swift; path = HTTPClientStub.swift; sourceTree = "<group>"; };
		BE99DD4E2B18B59F0093F021 /* UITableViewCell+Identifier.swift */ = {isa = PBXFileReference; lastKnownFileType = sourcecode.swift; path = "UITableViewCell+Identifier.swift"; sourceTree = "<group>"; };
		BE99DD502B18CC330093F021 /* ResourcePresenter.swift */ = {isa = PBXFileReference; lastKnownFileType = sourcecode.swift; path = ResourcePresenter.swift; sourceTree = "<group>"; };
		BED8BA352A6820BC0068A202 /* UIImage+TestHelpers.swift */ = {isa = PBXFileReference; lastKnownFileType = sourcecode.swift; path = "UIImage+TestHelpers.swift"; sourceTree = "<group>"; };
		BED8BA372A682C9B0068A202 /* ShimmeringView.swift */ = {isa = PBXFileReference; lastKnownFileType = sourcecode.swift; path = ShimmeringView.swift; sourceTree = "<group>"; };
/* End PBXFileReference section */

/* Begin PBXFrameworksBuildPhase section */
		BE74D88F2A66C76F00073E46 /* Frameworks */ = {
			isa = PBXFrameworksBuildPhase;
			buildActionMask = 2147483647;
			files = (
			);
			runOnlyForDeploymentPostprocessing = 0;
		};
		BE74D8A52A66C77000073E46 /* Frameworks */ = {
			isa = PBXFrameworksBuildPhase;
			buildActionMask = 2147483647;
			files = (
			);
			runOnlyForDeploymentPostprocessing = 0;
		};
/* End PBXFrameworksBuildPhase section */

/* Begin PBXGroup section */
		BE1A2C4A2B19F6C9002974D7 /* Cache */ = {
			isa = PBXGroup;
			children = (
				BE1A2C522B1A1AD6002974D7 /* Helpers */,
				BE1A2C4B2B19F6F8002974D7 /* CacheImageDataUseCaseTests.swift */,
				BE1A2C552B1A25D3002974D7 /* LoadImageDataFromCacheUseCaseTests.swift */,
				BE1A2C592B1A3D52002974D7 /* NSCacheDataStoreTests.swift */,
				BE6C2D8D2B1B9EA90018A688 /* ImageDataCacheIntegrationTests.swift */,
			);
			path = Cache;
			sourceTree = "<group>";
		};
		BE1A2C4D2B1A1A31002974D7 /* Cache */ = {
			isa = PBXGroup;
			children = (
				BE1A2C4E2B1A1A4A002974D7 /* ImageDataStore.swift */,
				BE1A2C502B1A1A75002974D7 /* ImageDataCacher.swift */,
				BE1A2C5B2B1A4AF4002974D7 /* NSCacheDataStore.swift */,
			);
			path = Cache;
			sourceTree = "<group>";
		};
		BE1A2C522B1A1AD6002974D7 /* Helpers */ = {
			isa = PBXGroup;
			children = (
				BE1A2C532B1A1AE4002974D7 /* ImageDataStoreSpy.swift */,
				BE6C2D8F2B1BA2590018A688 /* CacheTestHelpers.swift */,
			);
			path = Helpers;
			sourceTree = "<group>";
		};
		BE59B60B2A692A51002C7E21 /* Presentation */ = {
			isa = PBXGroup;
			children = (
				BE59B60C2A692ADB002C7E21 /* ViewModels */,
				BE99DD502B18CC330093F021 /* ResourcePresenter.swift */,
				BE59B6092A692965002C7E21 /* PhotosPresenter.swift */,
				BE59B6282A6972B6002C7E21 /* PhotoImagePresenter.swift */,
			);
			path = Presentation;
			sourceTree = "<group>";
		};
		BE59B60C2A692ADB002C7E21 /* ViewModels */ = {
			isa = PBXGroup;
			children = (
				BE59B60D2A692DF6002C7E21 /* PhotosErrorViewModel.swift */,
				BE59B60F2A692E09002C7E21 /* PhotosViewModel.swift */,
				BE59B6112A692E1D002C7E21 /* PhotosLoadingViewModel.swift */,
				BE59B6242A697219002C7E21 /* PhotoImageViewModel.swift */,
				BE59B6262A697287002C7E21 /* PhotoImageLoadingViewModel.swift */,
			);
			path = ViewModels;
			sourceTree = "<group>";
		};
		BE59B6132A6937AC002C7E21 /* Features */ = {
			isa = PBXGroup;
			children = (
				BE479DD72A671B820036898B /* Photo.swift */,
			);
			path = Features;
			sourceTree = "<group>";
		};
		BE59B6142A6937BA002C7E21 /* UI */ = {
			isa = PBXGroup;
			children = (
				BE59B6172A693815002C7E21 /* Controllers */,
				BE59B6162A693809002C7E21 /* Views */,
			);
			path = UI;
			sourceTree = "<group>";
		};
		BE59B6152A6937F9002C7E21 /* Helpers */ = {
			isa = PBXGroup;
			children = (
				BE99DD4E2B18B59F0093F021 /* UITableViewCell+Identifier.swift */,
			);
			path = Helpers;
			sourceTree = "<group>";
		};
		BE59B6162A693809002C7E21 /* Views */ = {
			isa = PBXGroup;
			children = (
				BE59B6152A6937F9002C7E21 /* Helpers */,
				BE479DD92A671BF00036898B /* PhotoCell.swift */,
				BED8BA372A682C9B0068A202 /* ShimmeringView.swift */,
			);
			path = Views;
			sourceTree = "<group>";
		};
		BE59B6172A693815002C7E21 /* Controllers */ = {
			isa = PBXGroup;
			children = (
				BE479DDB2A671C2F0036898B /* PhotoSearchViewController.swift */,
				BE4291722A6858FC00AE86D7 /* PhotoCellController.swift */,
			);
			path = Controllers;
			sourceTree = "<group>";
		};
		BE59B6182A693838002C7E21 /* Composition */ = {
			isa = PBXGroup;
			children = (
				BE59B6192A69384E002C7E21 /* Helpers */,
				BE4291742A685A8200AE86D7 /* PhotoSearchComposer.swift */,
				BE59B6222A694000002C7E21 /* PhotosViewAdapter.swift */,
				BE59B62A2A69770B002C7E21 /* PhotoCellComposer.swift */,
				BE7B999C2A6A7D7100B39C9B /* LoadResourcePublisherAdapter.swift */,
			);
			path = Composition;
			sourceTree = "<group>";
		};
		BE59B6192A69384E002C7E21 /* Helpers */ = {
			isa = PBXGroup;
			children = (
				BE5BFEEB2A67E30F002C6E72 /* CombineHelpers.swift */,
				BE59B61A2A6939E9002C7E21 /* WeakRefProxy.swift */,
			);
			path = Helpers;
			sourceTree = "<group>";
		};
		BE61CDE92B1F4D1C00359F70 /* SnapshotTests */ = {
			isa = PBXGroup;
			children = (
				BE61CDF12B1F602B00359F70 /* Helpers */,
				BE61CDEC2B1F588400359F70 /* snapshots */,
				BE61CDEA2B1F4D6C00359F70 /* PhotoSearchViewSnapshotTests.swift */,
			);
			path = SnapshotTests;
			sourceTree = "<group>";
		};
		BE61CDEC2B1F588400359F70 /* snapshots */ = {
			isa = PBXGroup;
			children = (
				BE61CDED2B1F58A900359F70 /* EMPTY_PHOTOS_dark.png */,
				BE61CDEE2B1F58A900359F70 /* EMPTY_PHOTOS_light.png */,
				BE61CDF62B1F667600359F70 /* PHOTOS_WITH_CONTENT_dark.png */,
				BE61CDF72B1F667700359F70 /* PHOTOS_WITH_CONTENT_light.png */,
				BE61CDFB2B1F6CEB00359F70 /* PHOTOS_WITH_FAILED_IMAGE_LOADING_dark.png */,
				BE61CDFA2B1F6CEB00359F70 /* PHOTOS_WITH_FAILED_IMAGE_LOADING_light.png */,
			);
			path = snapshots;
			sourceTree = "<group>";
		};
		BE61CDF12B1F602B00359F70 /* Helpers */ = {
			isa = PBXGroup;
			children = (
				BE61CDF22B1F605300359F70 /* UIViewController+Snapshot.swift */,
				BE61CDF42B1F60C400359F70 /* XCTestCase+Snapshot.swift */,
			);
			path = Helpers;
			sourceTree = "<group>";
		};
		BE70DF1D2A6BDFC600973366 /* Endpoints */ = {
			isa = PBXGroup;
			children = (
				BE70DF1E2A6BDFD400973366 /* PhotosEndpoint.swift */,
				BE70DF222A6BE39A00973366 /* PhotoImageEndpoint.swift */,
			);
			path = Endpoints;
			sourceTree = "<group>";
		};
		BE70DF282A6C0F4300973366 /* Converters */ = {
			isa = PBXGroup;
			children = (
				BE70DF292A6C0F5C00973366 /* Helpers */,
				BE70DF262A6C0F1600973366 /* PhotosResponseConverter.swift */,
				BE70DF2E2A6C4AE800973366 /* PhotoImageResponseConverter.swift */,
			);
			path = Converters;
			sourceTree = "<group>";
		};
		BE70DF292A6C0F5C00973366 /* Helpers */ = {
			isa = PBXGroup;
			children = (
				BE70DF2A2A6C0F8300973366 /* HTTPURLResponse+statusCode200.swift */,
			);
			path = Helpers;
			sourceTree = "<group>";
		};
		BE74D8892A66C76F00073E46 = {
			isa = PBXGroup;
			children = (
				BE74D8C52A66C87600073E46 /* PhotoSearchApp.xctestplan */,
				BE74D8942A66C76F00073E46 /* PhotoSearchApp */,
				BE74D8AB2A66C77000073E46 /* PhotoSearchAppTests */,
				BE74D8932A66C76F00073E46 /* Products */,
			);
			sourceTree = "<group>";
		};
		BE74D8932A66C76F00073E46 /* Products */ = {
			isa = PBXGroup;
			children = (
				BE74D8922A66C76F00073E46 /* PhotoSearchApp.app */,
				BE74D8A82A66C77000073E46 /* PhotoSearchAppTests.xctest */,
			);
			name = Products;
			sourceTree = "<group>";
		};
		BE74D8942A66C76F00073E46 /* PhotoSearchApp */ = {
			isa = PBXGroup;
			children = (
				BE59B6132A6937AC002C7E21 /* Features */,
				BE81ECDB2A6AED3B00E67DB8 /* Networking */,
				BE1A2C4D2B1A1A31002974D7 /* Cache */,
				BE59B60B2A692A51002C7E21 /* Presentation */,
				BE59B6142A6937BA002C7E21 /* UI */,
				BE59B6182A693838002C7E21 /* Composition */,
				BE74D8952A66C76F00073E46 /* AppDelegate.swift */,
				BE74D8972A66C76F00073E46 /* SceneDelegate.swift */,
				BE74D89E2A66C77000073E46 /* Assets.xcassets */,
				BE74D8A02A66C77000073E46 /* LaunchScreen.storyboard */,
				BE74D8A32A66C77000073E46 /* Info.plist */,
			);
			path = PhotoSearchApp;
			sourceTree = "<group>";
		};
		BE74D8AB2A66C77000073E46 /* PhotoSearchAppTests */ = {
			isa = PBXGroup;
			children = (
				BE74D8CA2A66D2C800073E46 /* Helpers */,
				BE8F8B262B1E016800F5BB09 /* Networking */,
				BE1A2C4A2B19F6C9002974D7 /* Cache */,
				BE74D8AC2A66C77000073E46 /* PhotoSearchUIIntegrationTests.swift */,
				BE59F7542A6D30E3009CA422 /* SceneDelegateTests.swift */,
				BE8F8B222B1DDB2100F5BB09 /* PhotosSearchAcceptanceTests.swift */,
				BE61CDE92B1F4D1C00359F70 /* SnapshotTests */,
			);
			path = PhotoSearchAppTests;
			sourceTree = "<group>";
		};
		BE74D8CA2A66D2C800073E46 /* Helpers */ = {
			isa = PBXGroup;
			children = (
				BE636D892A6ADE1E00B288B8 /* CommonHelpers.swift */,
				BE74D8C82A66D24800073E46 /* UIControl+TestHelpers.swift */,
				BE74D8C62A66D21500073E46 /* UIRefreshControl+TestHelpers.swift */,
				BE74D8CB2A66D72000073E46 /* XCTestCase+MemoryLeakTracking.swift */,
				BED8BA352A6820BC0068A202 /* UIImage+TestHelpers.swift */,
				BE59B61C2A693D1C002C7E21 /* PhotoSearchViewController+TestHelpers.swift */,
				BE59B61E2A693D82002C7E21 /* PhotoCell+TestHelpers.swift */,
				BE636D852A6AC47D00B288B8 /* LoaderSpy.swift */,
				BE81ECD92A6AED0A00E67DB8 /* URLProtocolStub.swift */,
				BE6188622B1CD2DF00557918 /* HTTPURLResponse+TestHelpers.swift */,
				BE8F8B242B1E010000F5BB09 /* HTTPClientStub.swift */,
			);
			path = Helpers;
			sourceTree = "<group>";
		};
		BE81ECDB2A6AED3B00E67DB8 /* Networking */ = {
			isa = PBXGroup;
			children = (
				BE70DF1D2A6BDFC600973366 /* Endpoints */,
				BE70DF282A6C0F4300973366 /* Converters */,
				BE81ECDE2A6AEDA000E67DB8 /* HTTPClient.swift */,
				BE81ECDC2A6AED5C00E67DB8 /* URLSessionHTTPClient.swift */,
			);
			path = Networking;
			sourceTree = "<group>";
		};
		BE8F8B262B1E016800F5BB09 /* Networking */ = {
			isa = PBXGroup;
			children = (
				BE636D872A6AD0FC00B288B8 /* URLSessionHTTPClientTests.swift */,
				BE70DF1B2A6BDA5300973366 /* PhotosEndpointTests.swift */,
				BE70DF202A6BE05400973366 /* PhotoImageEndpointTests.swift */,
				BE70DF242A6C017900973366 /* PhotosResponseConverterTests.swift */,
				BE70DF2C2A6C480700973366 /* PhotoImageResponseConverterTests.swift */,
			);
			path = Networking;
			sourceTree = "<group>";
		};
/* End PBXGroup section */

/* Begin PBXNativeTarget section */
		BE74D8912A66C76F00073E46 /* PhotoSearchApp */ = {
			isa = PBXNativeTarget;
			buildConfigurationList = BE74D8BC2A66C77000073E46 /* Build configuration list for PBXNativeTarget "PhotoSearchApp" */;
			buildPhases = (
				BE74D88E2A66C76F00073E46 /* Sources */,
				BE74D88F2A66C76F00073E46 /* Frameworks */,
				BE74D8902A66C76F00073E46 /* Resources */,
			);
			buildRules = (
			);
			dependencies = (
			);
			name = PhotoSearchApp;
			productName = PhotoSearchApp;
			productReference = BE74D8922A66C76F00073E46 /* PhotoSearchApp.app */;
			productType = "com.apple.product-type.application";
		};
		BE74D8A72A66C77000073E46 /* PhotoSearchAppTests */ = {
			isa = PBXNativeTarget;
			buildConfigurationList = BE74D8BF2A66C77000073E46 /* Build configuration list for PBXNativeTarget "PhotoSearchAppTests" */;
			buildPhases = (
				BE74D8A42A66C77000073E46 /* Sources */,
				BE74D8A52A66C77000073E46 /* Frameworks */,
				BE74D8A62A66C77000073E46 /* Resources */,
			);
			buildRules = (
			);
			dependencies = (
				BE74D8AA2A66C77000073E46 /* PBXTargetDependency */,
			);
			name = PhotoSearchAppTests;
			productName = PhotoSearchAppTests;
			productReference = BE74D8A82A66C77000073E46 /* PhotoSearchAppTests.xctest */;
			productType = "com.apple.product-type.bundle.unit-test";
		};
/* End PBXNativeTarget section */

/* Begin PBXProject section */
		BE74D88A2A66C76F00073E46 /* Project object */ = {
			isa = PBXProject;
			attributes = {
				BuildIndependentTargetsInParallel = 1;
				LastSwiftUpdateCheck = 1430;
				LastUpgradeCheck = 1500;
				TargetAttributes = {
					BE74D8912A66C76F00073E46 = {
						CreatedOnToolsVersion = 14.3.1;
					};
					BE74D8A72A66C77000073E46 = {
						CreatedOnToolsVersion = 14.3.1;
						TestTargetID = BE74D8912A66C76F00073E46;
					};
				};
			};
			buildConfigurationList = BE74D88D2A66C76F00073E46 /* Build configuration list for PBXProject "PhotoSearchApp" */;
			compatibilityVersion = "Xcode 14.0";
			developmentRegion = en;
			hasScannedForEncodings = 0;
			knownRegions = (
				en,
				Base,
			);
			mainGroup = BE74D8892A66C76F00073E46;
			productRefGroup = BE74D8932A66C76F00073E46 /* Products */;
			projectDirPath = "";
			projectRoot = "";
			targets = (
				BE74D8912A66C76F00073E46 /* PhotoSearchApp */,
				BE74D8A72A66C77000073E46 /* PhotoSearchAppTests */,
			);
		};
/* End PBXProject section */

/* Begin PBXResourcesBuildPhase section */
		BE74D8902A66C76F00073E46 /* Resources */ = {
			isa = PBXResourcesBuildPhase;
			buildActionMask = 2147483647;
			files = (
				BE74D8A22A66C77000073E46 /* LaunchScreen.storyboard in Resources */,
				BE74D89F2A66C77000073E46 /* Assets.xcassets in Resources */,
			);
			runOnlyForDeploymentPostprocessing = 0;
		};
		BE74D8A62A66C77000073E46 /* Resources */ = {
			isa = PBXResourcesBuildPhase;
			buildActionMask = 2147483647;
			files = (
				BE61CDF82B1F667700359F70 /* PHOTOS_WITH_CONTENT_dark.png in Resources */,
				BE61CDF92B1F667700359F70 /* PHOTOS_WITH_CONTENT_light.png in Resources */,
				BE61CDEF2B1F58A900359F70 /* EMPTY_PHOTOS_dark.png in Resources */,
				BE61CDF02B1F58A900359F70 /* EMPTY_PHOTOS_light.png in Resources */,
				BE61CDFD2B1F6CEB00359F70 /* PHOTOS_WITH_FAILED_IMAGE_LOADING_dark.png in Resources */,
				BE61CDFC2B1F6CEB00359F70 /* PHOTOS_WITH_FAILED_IMAGE_LOADING_light.png in Resources */,
			);
			runOnlyForDeploymentPostprocessing = 0;
		};
/* End PBXResourcesBuildPhase section */

/* Begin PBXSourcesBuildPhase section */
		BE74D88E2A66C76F00073E46 /* Sources */ = {
			isa = PBXSourcesBuildPhase;
			buildActionMask = 2147483647;
			files = (
				BE7B999D2A6A7D7100B39C9B /* LoadResourcePublisherAdapter.swift in Sources */,
				BE70DF232A6BE39A00973366 /* PhotoImageEndpoint.swift in Sources */,
				BE4291752A685A8200AE86D7 /* PhotoSearchComposer.swift in Sources */,
				BE59B60E2A692DF6002C7E21 /* PhotosErrorViewModel.swift in Sources */,
				BE59B6122A692E1D002C7E21 /* PhotosLoadingViewModel.swift in Sources */,
				BE70DF272A6C0F1600973366 /* PhotosResponseConverter.swift in Sources */,
				BE479DDC2A671C2F0036898B /* PhotoSearchViewController.swift in Sources */,
				BE479DDA2A671BF00036898B /* PhotoCell.swift in Sources */,
				BE81ECDF2A6AEDA000E67DB8 /* HTTPClient.swift in Sources */,
				BE59B6252A697219002C7E21 /* PhotoImageViewModel.swift in Sources */,
				BE59B60A2A692965002C7E21 /* PhotosPresenter.swift in Sources */,
				BE1A2C4F2B1A1A4A002974D7 /* ImageDataStore.swift in Sources */,
				BE59B6292A6972B6002C7E21 /* PhotoImagePresenter.swift in Sources */,
				BE1A2C5C2B1A4AF4002974D7 /* NSCacheDataStore.swift in Sources */,
				BE70DF2F2A6C4AE800973366 /* PhotoImageResponseConverter.swift in Sources */,
				BE4291732A6858FC00AE86D7 /* PhotoCellController.swift in Sources */,
				BE74D8962A66C76F00073E46 /* AppDelegate.swift in Sources */,
				BED8BA382A682C9B0068A202 /* ShimmeringView.swift in Sources */,
				BE99DD4F2B18B59F0093F021 /* UITableViewCell+Identifier.swift in Sources */,
				BE479DD82A671B820036898B /* Photo.swift in Sources */,
				BE59B6272A697287002C7E21 /* PhotoImageLoadingViewModel.swift in Sources */,
				BE81ECDD2A6AED5C00E67DB8 /* URLSessionHTTPClient.swift in Sources */,
				BE59B6232A694000002C7E21 /* PhotosViewAdapter.swift in Sources */,
				BE59B6102A692E09002C7E21 /* PhotosViewModel.swift in Sources */,
				BE1A2C512B1A1A75002974D7 /* ImageDataCacher.swift in Sources */,
				BE99DD512B18CC330093F021 /* ResourcePresenter.swift in Sources */,
				BE59B62B2A69770B002C7E21 /* PhotoCellComposer.swift in Sources */,
				BE70DF1F2A6BDFD400973366 /* PhotosEndpoint.swift in Sources */,
				BE70DF2B2A6C0F8300973366 /* HTTPURLResponse+statusCode200.swift in Sources */,
				BE74D8982A66C76F00073E46 /* SceneDelegate.swift in Sources */,
				BE59B61B2A6939E9002C7E21 /* WeakRefProxy.swift in Sources */,
				BE5BFEEC2A67E30F002C6E72 /* CombineHelpers.swift in Sources */,
			);
			runOnlyForDeploymentPostprocessing = 0;
		};
		BE74D8A42A66C77000073E46 /* Sources */ = {
			isa = PBXSourcesBuildPhase;
			buildActionMask = 2147483647;
			files = (
				BE70DF252A6C017900973366 /* PhotosResponseConverterTests.swift in Sources */,
				BE1A2C5A2B1A3D52002974D7 /* NSCacheDataStoreTests.swift in Sources */,
				BE59B61F2A693D82002C7E21 /* PhotoCell+TestHelpers.swift in Sources */,
				BE636D882A6AD0FC00B288B8 /* URLSessionHTTPClientTests.swift in Sources */,
				BE74D8C92A66D24800073E46 /* UIControl+TestHelpers.swift in Sources */,
				BE1A2C542B1A1AE4002974D7 /* ImageDataStoreSpy.swift in Sources */,
				BE81ECDA2A6AED0A00E67DB8 /* URLProtocolStub.swift in Sources */,
				BE1A2C4C2B19F6F8002974D7 /* CacheImageDataUseCaseTests.swift in Sources */,
				BE74D8CC2A66D72000073E46 /* XCTestCase+MemoryLeakTracking.swift in Sources */,
				BE61CDEB2B1F4D6C00359F70 /* PhotoSearchViewSnapshotTests.swift in Sources */,
				BE6188632B1CD2DF00557918 /* HTTPURLResponse+TestHelpers.swift in Sources */,
				BE70DF2D2A6C480700973366 /* PhotoImageResponseConverterTests.swift in Sources */,
				BE8F8B232B1DDB2100F5BB09 /* PhotosSearchAcceptanceTests.swift in Sources */,
				BE6C2D902B1BA2590018A688 /* CacheTestHelpers.swift in Sources */,
				BE74D8AD2A66C77000073E46 /* PhotoSearchUIIntegrationTests.swift in Sources */,
				BED8BA362A6820BC0068A202 /* UIImage+TestHelpers.swift in Sources */,
				BE6C2D8E2B1B9EA90018A688 /* ImageDataCacheIntegrationTests.swift in Sources */,
				BE636D862A6AC47D00B288B8 /* LoaderSpy.swift in Sources */,
				BE1A2C562B1A25D3002974D7 /* LoadImageDataFromCacheUseCaseTests.swift in Sources */,
				BE8F8B252B1E010000F5BB09 /* HTTPClientStub.swift in Sources */,
				BE74D8C72A66D21500073E46 /* UIRefreshControl+TestHelpers.swift in Sources */,
				BE70DF1C2A6BDA5300973366 /* PhotosEndpointTests.swift in Sources */,
				BE61CDF52B1F60C400359F70 /* XCTestCase+Snapshot.swift in Sources */,
				BE61CDF32B1F605300359F70 /* UIViewController+Snapshot.swift in Sources */,
				BE636D8A2A6ADE1E00B288B8 /* CommonHelpers.swift in Sources */,
				BE59B61D2A693D1C002C7E21 /* PhotoSearchViewController+TestHelpers.swift in Sources */,
				BE70DF212A6BE05400973366 /* PhotoImageEndpointTests.swift in Sources */,
				BE59F7552A6D30E3009CA422 /* SceneDelegateTests.swift in Sources */,
			);
			runOnlyForDeploymentPostprocessing = 0;
		};
/* End PBXSourcesBuildPhase section */

/* Begin PBXTargetDependency section */
		BE74D8AA2A66C77000073E46 /* PBXTargetDependency */ = {
			isa = PBXTargetDependency;
			target = BE74D8912A66C76F00073E46 /* PhotoSearchApp */;
			targetProxy = BE74D8A92A66C77000073E46 /* PBXContainerItemProxy */;
		};
/* End PBXTargetDependency section */

/* Begin PBXVariantGroup section */
		BE74D8A02A66C77000073E46 /* LaunchScreen.storyboard */ = {
			isa = PBXVariantGroup;
			children = (
				BE74D8A12A66C77000073E46 /* Base */,
			);
			name = LaunchScreen.storyboard;
			sourceTree = "<group>";
		};
/* End PBXVariantGroup section */

/* Begin XCBuildConfiguration section */
		BE74D8BA2A66C77000073E46 /* Debug */ = {
			isa = XCBuildConfiguration;
			buildSettings = {
				ALWAYS_SEARCH_USER_PATHS = NO;
				CLANG_ANALYZER_NONNULL = YES;
				CLANG_ANALYZER_NUMBER_OBJECT_CONVERSION = YES_AGGRESSIVE;
				CLANG_CXX_LANGUAGE_STANDARD = "gnu++20";
				CLANG_ENABLE_MODULES = YES;
				CLANG_ENABLE_OBJC_ARC = YES;
				CLANG_ENABLE_OBJC_WEAK = YES;
				CLANG_WARN_BLOCK_CAPTURE_AUTORELEASING = YES;
				CLANG_WARN_BOOL_CONVERSION = YES;
				CLANG_WARN_COMMA = YES;
				CLANG_WARN_CONSTANT_CONVERSION = YES;
				CLANG_WARN_DEPRECATED_OBJC_IMPLEMENTATIONS = YES;
				CLANG_WARN_DIRECT_OBJC_ISA_USAGE = YES_ERROR;
				CLANG_WARN_DOCUMENTATION_COMMENTS = YES;
				CLANG_WARN_EMPTY_BODY = YES;
				CLANG_WARN_ENUM_CONVERSION = YES;
				CLANG_WARN_INFINITE_RECURSION = YES;
				CLANG_WARN_INT_CONVERSION = YES;
				CLANG_WARN_NON_LITERAL_NULL_CONVERSION = YES;
				CLANG_WARN_OBJC_IMPLICIT_RETAIN_SELF = YES;
				CLANG_WARN_OBJC_LITERAL_CONVERSION = YES;
				CLANG_WARN_OBJC_ROOT_CLASS = YES_ERROR;
				CLANG_WARN_QUOTED_INCLUDE_IN_FRAMEWORK_HEADER = YES;
				CLANG_WARN_RANGE_LOOP_ANALYSIS = YES;
				CLANG_WARN_STRICT_PROTOTYPES = YES;
				CLANG_WARN_SUSPICIOUS_MOVE = YES;
				CLANG_WARN_UNGUARDED_AVAILABILITY = YES_AGGRESSIVE;
				CLANG_WARN_UNREACHABLE_CODE = YES;
				CLANG_WARN__DUPLICATE_METHOD_MATCH = YES;
				COPY_PHASE_STRIP = NO;
				DEBUG_INFORMATION_FORMAT = dwarf;
				ENABLE_STRICT_OBJC_MSGSEND = YES;
				ENABLE_TESTABILITY = YES;
				ENABLE_USER_SCRIPT_SANDBOXING = YES;
				GCC_C_LANGUAGE_STANDARD = gnu11;
				GCC_DYNAMIC_NO_PIC = NO;
				GCC_NO_COMMON_BLOCKS = YES;
				GCC_OPTIMIZATION_LEVEL = 0;
				GCC_PREPROCESSOR_DEFINITIONS = (
					"DEBUG=1",
					"$(inherited)",
				);
				GCC_WARN_64_TO_32_BIT_CONVERSION = YES;
				GCC_WARN_ABOUT_RETURN_TYPE = YES_ERROR;
				GCC_WARN_UNDECLARED_SELECTOR = YES;
				GCC_WARN_UNINITIALIZED_AUTOS = YES_AGGRESSIVE;
				GCC_WARN_UNUSED_FUNCTION = YES;
				GCC_WARN_UNUSED_VARIABLE = YES;
				IPHONEOS_DEPLOYMENT_TARGET = 16.0;
				MTL_ENABLE_DEBUG_INFO = INCLUDE_SOURCE;
				MTL_FAST_MATH = YES;
				ONLY_ACTIVE_ARCH = YES;
				SDKROOT = iphoneos;
				SWIFT_ACTIVE_COMPILATION_CONDITIONS = DEBUG;
				SWIFT_OPTIMIZATION_LEVEL = "-Onone";
			};
			name = Debug;
		};
		BE74D8BB2A66C77000073E46 /* Release */ = {
			isa = XCBuildConfiguration;
			buildSettings = {
				ALWAYS_SEARCH_USER_PATHS = NO;
				CLANG_ANALYZER_NONNULL = YES;
				CLANG_ANALYZER_NUMBER_OBJECT_CONVERSION = YES_AGGRESSIVE;
				CLANG_CXX_LANGUAGE_STANDARD = "gnu++20";
				CLANG_ENABLE_MODULES = YES;
				CLANG_ENABLE_OBJC_ARC = YES;
				CLANG_ENABLE_OBJC_WEAK = YES;
				CLANG_WARN_BLOCK_CAPTURE_AUTORELEASING = YES;
				CLANG_WARN_BOOL_CONVERSION = YES;
				CLANG_WARN_COMMA = YES;
				CLANG_WARN_CONSTANT_CONVERSION = YES;
				CLANG_WARN_DEPRECATED_OBJC_IMPLEMENTATIONS = YES;
				CLANG_WARN_DIRECT_OBJC_ISA_USAGE = YES_ERROR;
				CLANG_WARN_DOCUMENTATION_COMMENTS = YES;
				CLANG_WARN_EMPTY_BODY = YES;
				CLANG_WARN_ENUM_CONVERSION = YES;
				CLANG_WARN_INFINITE_RECURSION = YES;
				CLANG_WARN_INT_CONVERSION = YES;
				CLANG_WARN_NON_LITERAL_NULL_CONVERSION = YES;
				CLANG_WARN_OBJC_IMPLICIT_RETAIN_SELF = YES;
				CLANG_WARN_OBJC_LITERAL_CONVERSION = YES;
				CLANG_WARN_OBJC_ROOT_CLASS = YES_ERROR;
				CLANG_WARN_QUOTED_INCLUDE_IN_FRAMEWORK_HEADER = YES;
				CLANG_WARN_RANGE_LOOP_ANALYSIS = YES;
				CLANG_WARN_STRICT_PROTOTYPES = YES;
				CLANG_WARN_SUSPICIOUS_MOVE = YES;
				CLANG_WARN_UNGUARDED_AVAILABILITY = YES_AGGRESSIVE;
				CLANG_WARN_UNREACHABLE_CODE = YES;
				CLANG_WARN__DUPLICATE_METHOD_MATCH = YES;
				COPY_PHASE_STRIP = NO;
				DEBUG_INFORMATION_FORMAT = "dwarf-with-dsym";
				ENABLE_NS_ASSERTIONS = NO;
				ENABLE_STRICT_OBJC_MSGSEND = YES;
				ENABLE_USER_SCRIPT_SANDBOXING = YES;
				GCC_C_LANGUAGE_STANDARD = gnu11;
				GCC_NO_COMMON_BLOCKS = YES;
				GCC_WARN_64_TO_32_BIT_CONVERSION = YES;
				GCC_WARN_ABOUT_RETURN_TYPE = YES_ERROR;
				GCC_WARN_UNDECLARED_SELECTOR = YES;
				GCC_WARN_UNINITIALIZED_AUTOS = YES_AGGRESSIVE;
				GCC_WARN_UNUSED_FUNCTION = YES;
				GCC_WARN_UNUSED_VARIABLE = YES;
				IPHONEOS_DEPLOYMENT_TARGET = 16.0;
				MTL_ENABLE_DEBUG_INFO = NO;
				MTL_FAST_MATH = YES;
				SDKROOT = iphoneos;
				SWIFT_COMPILATION_MODE = wholemodule;
				SWIFT_OPTIMIZATION_LEVEL = "-O";
				VALIDATE_PRODUCT = YES;
			};
			name = Release;
		};
		BE74D8BD2A66C77000073E46 /* Debug */ = {
			isa = XCBuildConfiguration;
			buildSettings = {
				ASSETCATALOG_COMPILER_APPICON_NAME = AppIcon;
				ASSETCATALOG_COMPILER_GLOBAL_ACCENT_COLOR_NAME = AccentColor;
				CODE_SIGN_STYLE = Automatic;
				CURRENT_PROJECT_VERSION = 1;
				DEVELOPMENT_TEAM = DV4M5VPD3C;
				GENERATE_INFOPLIST_FILE = YES;
				INFOPLIST_FILE = PhotoSearchApp/Info.plist;
				INFOPLIST_KEY_UIApplicationSupportsIndirectInputEvents = YES;
				INFOPLIST_KEY_UILaunchStoryboardName = LaunchScreen;
				INFOPLIST_KEY_UISupportedInterfaceOrientations = UIInterfaceOrientationPortrait;
				INFOPLIST_KEY_UISupportedInterfaceOrientations_iPad = "UIInterfaceOrientationLandscapeLeft UIInterfaceOrientationLandscapeRight UIInterfaceOrientationPortrait UIInterfaceOrientationPortraitUpsideDown";
				LD_RUNPATH_SEARCH_PATHS = (
					"$(inherited)",
					"@executable_path/Frameworks",
				);
				MARKETING_VERSION = 1.0;
				PRODUCT_BUNDLE_IDENTIFIER = com.tszlung.PhotoSearchApp;
				PRODUCT_NAME = "$(TARGET_NAME)";
				SUPPORTED_PLATFORMS = "iphoneos iphonesimulator";
				SUPPORTS_MACCATALYST = NO;
				SUPPORTS_MAC_DESIGNED_FOR_IPHONE_IPAD = YES;
				SWIFT_EMIT_LOC_STRINGS = YES;
				SWIFT_VERSION = 5.0;
				TARGETED_DEVICE_FAMILY = 1;
			};
			name = Debug;
		};
		BE74D8BE2A66C77000073E46 /* Release */ = {
			isa = XCBuildConfiguration;
			buildSettings = {
				ASSETCATALOG_COMPILER_APPICON_NAME = AppIcon;
				ASSETCATALOG_COMPILER_GLOBAL_ACCENT_COLOR_NAME = AccentColor;
				CODE_SIGN_STYLE = Automatic;
				CURRENT_PROJECT_VERSION = 1;
				DEVELOPMENT_TEAM = DV4M5VPD3C;
				GENERATE_INFOPLIST_FILE = YES;
				INFOPLIST_FILE = PhotoSearchApp/Info.plist;
				INFOPLIST_KEY_UIApplicationSupportsIndirectInputEvents = YES;
				INFOPLIST_KEY_UILaunchStoryboardName = LaunchScreen;
				INFOPLIST_KEY_UISupportedInterfaceOrientations = UIInterfaceOrientationPortrait;
				INFOPLIST_KEY_UISupportedInterfaceOrientations_iPad = "UIInterfaceOrientationLandscapeLeft UIInterfaceOrientationLandscapeRight UIInterfaceOrientationPortrait UIInterfaceOrientationPortraitUpsideDown";
				LD_RUNPATH_SEARCH_PATHS = (
					"$(inherited)",
					"@executable_path/Frameworks",
				);
				MARKETING_VERSION = 1.0;
				PRODUCT_BUNDLE_IDENTIFIER = com.tszlung.PhotoSearchApp;
				PRODUCT_NAME = "$(TARGET_NAME)";
				SUPPORTED_PLATFORMS = "iphoneos iphonesimulator";
				SUPPORTS_MACCATALYST = NO;
				SUPPORTS_MAC_DESIGNED_FOR_IPHONE_IPAD = YES;
				SWIFT_EMIT_LOC_STRINGS = YES;
				SWIFT_VERSION = 5.0;
				TARGETED_DEVICE_FAMILY = 1;
			};
			name = Release;
		};
		BE74D8C02A66C77000073E46 /* Debug */ = {
			isa = XCBuildConfiguration;
			buildSettings = {
				ALWAYS_EMBED_SWIFT_STANDARD_LIBRARIES = YES;
				BUNDLE_LOADER = "$(TEST_HOST)";
				CODE_SIGN_STYLE = Automatic;
				CURRENT_PROJECT_VERSION = 1;
				DEVELOPMENT_TEAM = DV4M5VPD3C;
				GENERATE_INFOPLIST_FILE = YES;
				IPHONEOS_DEPLOYMENT_TARGET = 16.0;
				MARKETING_VERSION = 1.0;
				PRODUCT_BUNDLE_IDENTIFIER = com.tszlung.PhotoSearchAppTests;
				PRODUCT_NAME = "$(TARGET_NAME)";
				SUPPORTED_PLATFORMS = "iphoneos iphonesimulator";
				SUPPORTS_MACCATALYST = NO;
				SUPPORTS_MAC_DESIGNED_FOR_IPHONE_IPAD = YES;
				SWIFT_EMIT_LOC_STRINGS = NO;
				SWIFT_VERSION = 5.0;
				TARGETED_DEVICE_FAMILY = 1;
				TEST_HOST = "$(BUILT_PRODUCTS_DIR)/PhotoSearchApp.app/$(BUNDLE_EXECUTABLE_FOLDER_PATH)/PhotoSearchApp";
			};
			name = Debug;
		};
		BE74D8C12A66C77000073E46 /* Release */ = {
			isa = XCBuildConfiguration;
			buildSettings = {
				ALWAYS_EMBED_SWIFT_STANDARD_LIBRARIES = YES;
				BUNDLE_LOADER = "$(TEST_HOST)";
				CODE_SIGN_STYLE = Automatic;
				CURRENT_PROJECT_VERSION = 1;
				DEVELOPMENT_TEAM = DV4M5VPD3C;
				GENERATE_INFOPLIST_FILE = YES;
				IPHONEOS_DEPLOYMENT_TARGET = 16.0;
				MARKETING_VERSION = 1.0;
				PRODUCT_BUNDLE_IDENTIFIER = com.tszlung.PhotoSearchAppTests;
				PRODUCT_NAME = "$(TARGET_NAME)";
				SUPPORTED_PLATFORMS = "iphoneos iphonesimulator";
				SUPPORTS_MACCATALYST = NO;
				SUPPORTS_MAC_DESIGNED_FOR_IPHONE_IPAD = YES;
				SWIFT_EMIT_LOC_STRINGS = NO;
				SWIFT_VERSION = 5.0;
				TARGETED_DEVICE_FAMILY = 1;
				TEST_HOST = "$(BUILT_PRODUCTS_DIR)/PhotoSearchApp.app/$(BUNDLE_EXECUTABLE_FOLDER_PATH)/PhotoSearchApp";
			};
			name = Release;
		};
/* End XCBuildConfiguration section */

/* Begin XCConfigurationList section */
		BE74D88D2A66C76F00073E46 /* Build configuration list for PBXProject "PhotoSearchApp" */ = {
			isa = XCConfigurationList;
			buildConfigurations = (
				BE74D8BA2A66C77000073E46 /* Debug */,
				BE74D8BB2A66C77000073E46 /* Release */,
			);
			defaultConfigurationIsVisible = 0;
			defaultConfigurationName = Release;
		};
		BE74D8BC2A66C77000073E46 /* Build configuration list for PBXNativeTarget "PhotoSearchApp" */ = {
			isa = XCConfigurationList;
			buildConfigurations = (
				BE74D8BD2A66C77000073E46 /* Debug */,
				BE74D8BE2A66C77000073E46 /* Release */,
			);
			defaultConfigurationIsVisible = 0;
			defaultConfigurationName = Release;
		};
		BE74D8BF2A66C77000073E46 /* Build configuration list for PBXNativeTarget "PhotoSearchAppTests" */ = {
			isa = XCConfigurationList;
			buildConfigurations = (
				BE74D8C02A66C77000073E46 /* Debug */,
				BE74D8C12A66C77000073E46 /* Release */,
			);
			defaultConfigurationIsVisible = 0;
			defaultConfigurationName = Release;
		};
/* End XCConfigurationList section */
	};
	rootObject = BE74D88A2A66C76F00073E46 /* Project object */;
}
